
Microsoft Visual Studio Solution File, Format Version 12.00
# Visual Studio Version 17
VisualStudioVersion = 17.10.35013.160
MinimumVisualStudioVersion = 10.0.40219.1
Project("{2150E333-8FDC-42A3-9474-1A3956D46DE8}") = "Week 2 - Object Calisthenics", "Week 2 - Object Calisthenics", "{799BC5BF-6F84-4F30-A714-890251A76566}"
EndProject
Project("{2150E333-8FDC-42A3-9474-1A3956D46DE8}") = "Week 3 - Command Query Separation", "Week 3 - Command Query Separation", "{A2D166CB-6284-4534-AF60-B1941732116B}"
EndProject
Project("{2150E333-8FDC-42A3-9474-1A3956D46DE8}") = "Week 4 - TDD", "Week 4 - TDD", "{1B02F8C6-5E0F-4746-9B90-5EDDE7033080}"
EndProject
Project("{2150E333-8FDC-42A3-9474-1A3956D46DE8}") = "Week 5 - Accidental Complexity", "Week 5 - Accidental Complexity", "{D89380E5-987C-474B-B618-9E68FBDEC61F}"
EndProject
Project("{2150E333-8FDC-42A3-9474-1A3956D46DE8}") = "Week 6 - Legacy Code", "Week 6 - Legacy Code", "{3139D6F3-5083-4154-A971-26C65DC37896}"
EndProject
Project("{2150E333-8FDC-42A3-9474-1A3956D46DE8}") = "Week 7 - Property Based Testing", "Week 7 - Property Based Testing", "{3DF62C71-C244-4E50-90F6-646389E65F49}"
EndProject
Project("{2150E333-8FDC-42A3-9474-1A3956D46DE8}") = "Week 1 - Code Analysis", "Week 1 - Code Analysis", "{6C263A90-FE43-4048-9298-B94D5A4C41F3}"
EndProject
Project("{9A19103F-16F7-4668-BE54-9A1E7A4F7556}") = "MovieStore", "week01-code-analysis\MovieStore\MovieStore.csproj", "{D6E14001-ECDB-4155-B5FE-3CB4A59A678C}"
EndProject
Project("{9A19103F-16F7-4668-BE54-9A1E7A4F7556}") = "MovieStore.Tests", "week01-code-analysis\MovieStore.Tests\MovieStore.Tests.csproj", "{B6644D3A-E2DF-4AF2-A3FF-EFF7CA383164}"
EndProject
Project("{9A19103F-16F7-4668-BE54-9A1E7A4F7556}") = "Client", "week03-cqs\Client\Client.csproj", "{2F54CC80-9A91-4117-9B85-0A14A58B2301}"
EndProject
Project("{9A19103F-16F7-4668-BE54-9A1E7A4F7556}") = "Client.Tests", "week03-cqs\Client.Tests\Client.Tests.csproj", "{B2487FC9-55E2-431D-89A8-15560153435E}"
EndProject
Project("{9A19103F-16F7-4668-BE54-9A1E7A4F7556}") = "Cache", "week03-cqs\Cache\Cache.csproj", "{24746743-C6D3-466D-84EB-9641A8554213}"
EndProject
Project("{9A19103F-16F7-4668-BE54-9A1E7A4F7556}") = "Cache.Tests", "week03-cqs\Cache.Tests\Cache.Tests.csproj", "{DBFA76DB-411F-4445-B4E0-EB6C26919D8B}"
EndProject
Project("{9A19103F-16F7-4668-BE54-9A1E7A4F7556}") = "PasswordValidation", "week04-tdd\PasswordValidation\PasswordValidation.csproj", "{0BEC2B2E-13E3-4169-B2A0-BB9F3D5BABAA}"
EndProject
Project("{9A19103F-16F7-4668-BE54-9A1E7A4F7556}") = "PasswordValidation.Tests", "week04-tdd\PasswordValidation.Tests\PasswordValidation.Tests.csproj", "{8704FFD5-EF33-4695-9A1C-CA6A6D1ED2B3}"
EndProject
Project("{9A19103F-16F7-4668-BE54-9A1E7A4F7556}") = "FizzBuzz-Comes-Back", "week05-complexity\FizzBuzz-Comes-Back\FizzBuzz-Comes-Back.csproj", "{9375922F-D6A3-4ABD-9517-99ECE52CFD23}"
EndProject
Project("{9A19103F-16F7-4668-BE54-9A1E7A4F7556}") = "FizzBuzz-Comes-Back.Tests", "week05-complexity\FizzBuzz-Comes-Back.Tests\FizzBuzz-Comes-Back.Tests.csproj", "{01D4D7F9-7DC1-42E7-A0DE-AFAFEF0458C3}"
EndProject
Project("{9A19103F-16F7-4668-BE54-9A1E7A4F7556}") = "CommandProcessor", "week05-complexity\CommandProcessor\CommandProcessor.csproj", "{01891F86-6212-4595-A8FF-877C9E7C167C}"
EndProject
Project("{9A19103F-16F7-4668-BE54-9A1E7A4F7556}") = "CommandProcessor.Tests", "week05-complexity\CommandProcessor.Tests\CommandProcessor.Tests.csproj", "{725AEF62-14C5-4D90-8169-F5E4054797E5}"
EndProject
Project("{9A19103F-16F7-4668-BE54-9A1E7A4F7556}") = "Exercise1Documents", "week06-legacy-code\Exercise1Documents\Exercise1Documents.csproj", "{69115D5C-A0E5-486D-BFEC-88A16F2A675D}"
EndProject
Project("{9A19103F-16F7-4668-BE54-9A1E7A4F7556}") = "Exercise1Documents.Tests", "week06-legacy-code\Exercise1Documents.Tests\Exercise1Documents.Tests.csproj", "{26649BA8-3BE5-413F-B795-2E6A2D149117}"
EndProject
Project("{9A19103F-16F7-4668-BE54-9A1E7A4F7556}") = "Exercise2ReportGenerator", "week06-legacy-code\Exercise2ReportGenerator\Exercise2ReportGenerator.csproj", "{93B4EE84-BCEC-4D84-A652-C677B29E19EB}"
EndProject
Project("{9A19103F-16F7-4668-BE54-9A1E7A4F7556}") = "Exercise2ReportGenerator.Tests", "week06-legacy-code\Exercise2ReportGenerator.Tests\Exercise2ReportGenerator.Tests.csproj", "{A5F5B815-4C44-4B3E-9B5E-F422D8486FFC}"
EndProject
Project("{9A19103F-16F7-4668-BE54-9A1E7A4F7556}") = "GameOrderProcessor", "week06-legacy-code\GameOrderProcessor\GameOrderProcessor.csproj", "{C0B2F5E5-328A-432E-942E-3EBF46B3611D}"
EndProject
Project("{9A19103F-16F7-4668-BE54-9A1E7A4F7556}") = "GameOrderProcessor.Tests", "week06-legacy-code\GameOrderProcessor.Tests\GameOrderProcessor.Tests.csproj", "{1ED10B3A-4569-4625-B017-209A9A2D3167}"
EndProject
Project("{9A19103F-16F7-4668-BE54-9A1E7A4F7556}") = "ExerciseFizzBuzzComesBackAgain", "week07-pbt\ExerciseFizzBuzzComesBackAgain\ExerciseFizzBuzzComesBackAgain.csproj", "{EA4E66B0-6900-47E8-A5C7-B1929D2BE0D0}"
EndProject
Project("{9A19103F-16F7-4668-BE54-9A1E7A4F7556}") = "ExerciseFizzBuzzComesBackAgain.Tests", "week07-pbt\ExerciseFizzBuzzComesBackAgain.Tests\ExerciseFizzBuzzComesBackAgain.Tests.csproj", "{17C6D275-598C-45A6-8CA1-C21F904E5612}"
EndProject
Project("{9A19103F-16F7-4668-BE54-9A1E7A4F7556}") = "GameAllProperties", "week07-pbt\GameAllProperties\GameAllProperties.csproj", "{296E3295-DFBA-44AE-8E0A-33DC4C3A78BA}"
EndProject
Project("{9A19103F-16F7-4668-BE54-9A1E7A4F7556}") = "GameAllProperties.Tests", "week07-pbt\GameAllProperties.Tests\GameAllProperties.Tests.csproj", "{0E19F70D-8B82-44E5-8286-8B5850066A83}"
EndProject
Project("{2150E333-8FDC-42A3-9474-1A3956D46DE8}") = "Exercise 1 - FizzBuzz", "Exercise 1 - FizzBuzz", "{94DF3621-C4FE-4648-833D-0C7BE2926A34}"
EndProject
Project("{2150E333-8FDC-42A3-9474-1A3956D46DE8}") = "Exercise 2 - BookStore", "Exercise 2 - BookStore", "{A2A57286-BED6-4CA6-81D7-61664A0D8298}"
EndProject
Project("{FAE04EC0-301F-11D3-BF4B-00C04F79EFBC}") = "FizzBuzz", "week02-object-calisthenics\FizzBuzz\FizzBuzz.csproj", "{947BFA9C-8509-4204-94E6-FF274DE456EA}"
EndProject
Project("{FAE04EC0-301F-11D3-BF4B-00C04F79EFBC}") = "FizzBuzz.Tests", "week02-object-calisthenics\FizzBuzz.Tests\FizzBuzz.Tests.csproj", "{972B6C0E-7CC3-4E4E-AE8E-8843BC969677}"
EndProject
Project("{FAE04EC0-301F-11D3-BF4B-00C04F79EFBC}") = "BookStore", "week02-object-calisthenics\BookStore\BookStore.csproj", "{D9595D08-029F-4739-B496-FE65C1FDA317}"
EndProject
Project("{FAE04EC0-301F-11D3-BF4B-00C04F79EFBC}") = "BookStore.Tests", "week02-object-calisthenics\BookStore.Tests\BookStore.Tests.csproj", "{175D1CF2-A64E-4F8E-A666-81BBC7848913}"
EndProject
Project("{2150E333-8FDC-42A3-9474-1A3956D46DE8}") = "Exercise 1 - Client", "Exercise 1 - Client", "{2C7CAD92-2CFD-4889-BE48-6B7FE65A83EC}"
EndProject
Project("{2150E333-8FDC-42A3-9474-1A3956D46DE8}") = "Exercise 2 - Cache", "Exercise 2 - Cache", "{E43E3BA2-27BC-4F86-A5AE-98A9DDC59370}"
EndProject
Project("{2150E333-8FDC-42A3-9474-1A3956D46DE8}") = "Exercise 1 - FizzBuzz comes back", "Exercise 1 - FizzBuzz comes back", "{33FF1582-C2C9-48D0-A99E-6FC64AC69592}"
EndProject
Project("{2150E333-8FDC-42A3-9474-1A3956D46DE8}") = "Exercise 2 - CommandProcessor", "Exercise 2 - CommandProcessor", "{3BAD7A6F-CCC6-47E2-A523-A8626B976018}"
EndProject
Global
	GlobalSection(SolutionConfigurationPlatforms) = preSolution
		Debug|Any CPU = Debug|Any CPU
		Release|Any CPU = Release|Any CPU
	EndGlobalSection
	GlobalSection(ProjectConfigurationPlatforms) = postSolution
		{D6E14001-ECDB-4155-B5FE-3CB4A59A678C}.Debug|Any CPU.ActiveCfg = Debug|Any CPU
		{D6E14001-ECDB-4155-B5FE-3CB4A59A678C}.Debug|Any CPU.Build.0 = Debug|Any CPU
		{D6E14001-ECDB-4155-B5FE-3CB4A59A678C}.Release|Any CPU.ActiveCfg = Release|Any CPU
		{D6E14001-ECDB-4155-B5FE-3CB4A59A678C}.Release|Any CPU.Build.0 = Release|Any CPU
		{B6644D3A-E2DF-4AF2-A3FF-EFF7CA383164}.Debug|Any CPU.ActiveCfg = Debug|Any CPU
		{B6644D3A-E2DF-4AF2-A3FF-EFF7CA383164}.Debug|Any CPU.Build.0 = Debug|Any CPU
		{B6644D3A-E2DF-4AF2-A3FF-EFF7CA383164}.Release|Any CPU.ActiveCfg = Release|Any CPU
		{B6644D3A-E2DF-4AF2-A3FF-EFF7CA383164}.Release|Any CPU.Build.0 = Release|Any CPU
		{2F54CC80-9A91-4117-9B85-0A14A58B2301}.Debug|Any CPU.ActiveCfg = Debug|Any CPU
		{2F54CC80-9A91-4117-9B85-0A14A58B2301}.Debug|Any CPU.Build.0 = Debug|Any CPU
		{2F54CC80-9A91-4117-9B85-0A14A58B2301}.Release|Any CPU.ActiveCfg = Release|Any CPU
		{2F54CC80-9A91-4117-9B85-0A14A58B2301}.Release|Any CPU.Build.0 = Release|Any CPU
		{B2487FC9-55E2-431D-89A8-15560153435E}.Debug|Any CPU.ActiveCfg = Debug|Any CPU
		{B2487FC9-55E2-431D-89A8-15560153435E}.Debug|Any CPU.Build.0 = Debug|Any CPU
		{B2487FC9-55E2-431D-89A8-15560153435E}.Release|Any CPU.ActiveCfg = Release|Any CPU
		{B2487FC9-55E2-431D-89A8-15560153435E}.Release|Any CPU.Build.0 = Release|Any CPU
		{24746743-C6D3-466D-84EB-9641A8554213}.Debug|Any CPU.ActiveCfg = Debug|Any CPU
		{24746743-C6D3-466D-84EB-9641A8554213}.Debug|Any CPU.Build.0 = Debug|Any CPU
		{24746743-C6D3-466D-84EB-9641A8554213}.Release|Any CPU.ActiveCfg = Release|Any CPU
		{24746743-C6D3-466D-84EB-9641A8554213}.Release|Any CPU.Build.0 = Release|Any CPU
		{DBFA76DB-411F-4445-B4E0-EB6C26919D8B}.Debug|Any CPU.ActiveCfg = Debug|Any CPU
		{DBFA76DB-411F-4445-B4E0-EB6C26919D8B}.Debug|Any CPU.Build.0 = Debug|Any CPU
		{DBFA76DB-411F-4445-B4E0-EB6C26919D8B}.Release|Any CPU.ActiveCfg = Release|Any CPU
		{DBFA76DB-411F-4445-B4E0-EB6C26919D8B}.Release|Any CPU.Build.0 = Release|Any CPU
		{0BEC2B2E-13E3-4169-B2A0-BB9F3D5BABAA}.Debug|Any CPU.ActiveCfg = Debug|Any CPU
		{0BEC2B2E-13E3-4169-B2A0-BB9F3D5BABAA}.Debug|Any CPU.Build.0 = Debug|Any CPU
		{0BEC2B2E-13E3-4169-B2A0-BB9F3D5BABAA}.Release|Any CPU.ActiveCfg = Release|Any CPU
		{0BEC2B2E-13E3-4169-B2A0-BB9F3D5BABAA}.Release|Any CPU.Build.0 = Release|Any CPU
		{8704FFD5-EF33-4695-9A1C-CA6A6D1ED2B3}.Debug|Any CPU.ActiveCfg = Debug|Any CPU
		{8704FFD5-EF33-4695-9A1C-CA6A6D1ED2B3}.Debug|Any CPU.Build.0 = Debug|Any CPU
		{8704FFD5-EF33-4695-9A1C-CA6A6D1ED2B3}.Release|Any CPU.ActiveCfg = Release|Any CPU
		{8704FFD5-EF33-4695-9A1C-CA6A6D1ED2B3}.Release|Any CPU.Build.0 = Release|Any CPU
		{9375922F-D6A3-4ABD-9517-99ECE52CFD23}.Debug|Any CPU.ActiveCfg = Debug|Any CPU
		{9375922F-D6A3-4ABD-9517-99ECE52CFD23}.Debug|Any CPU.Build.0 = Debug|Any CPU
		{9375922F-D6A3-4ABD-9517-99ECE52CFD23}.Release|Any CPU.ActiveCfg = Release|Any CPU
		{9375922F-D6A3-4ABD-9517-99ECE52CFD23}.Release|Any CPU.Build.0 = Release|Any CPU
		{01D4D7F9-7DC1-42E7-A0DE-AFAFEF0458C3}.Debug|Any CPU.ActiveCfg = Debug|Any CPU
		{01D4D7F9-7DC1-42E7-A0DE-AFAFEF0458C3}.Debug|Any CPU.Build.0 = Debug|Any CPU
		{01D4D7F9-7DC1-42E7-A0DE-AFAFEF0458C3}.Release|Any CPU.ActiveCfg = Release|Any CPU
		{01D4D7F9-7DC1-42E7-A0DE-AFAFEF0458C3}.Release|Any CPU.Build.0 = Release|Any CPU
		{01891F86-6212-4595-A8FF-877C9E7C167C}.Debug|Any CPU.ActiveCfg = Debug|Any CPU
		{01891F86-6212-4595-A8FF-877C9E7C167C}.Debug|Any CPU.Build.0 = Debug|Any CPU
		{01891F86-6212-4595-A8FF-877C9E7C167C}.Release|Any CPU.ActiveCfg = Release|Any CPU
		{01891F86-6212-4595-A8FF-877C9E7C167C}.Release|Any CPU.Build.0 = Release|Any CPU
		{725AEF62-14C5-4D90-8169-F5E4054797E5}.Debug|Any CPU.ActiveCfg = Debug|Any CPU
		{725AEF62-14C5-4D90-8169-F5E4054797E5}.Debug|Any CPU.Build.0 = Debug|Any CPU
		{725AEF62-14C5-4D90-8169-F5E4054797E5}.Release|Any CPU.ActiveCfg = Release|Any CPU
		{725AEF62-14C5-4D90-8169-F5E4054797E5}.Release|Any CPU.Build.0 = Release|Any CPU
		{69115D5C-A0E5-486D-BFEC-88A16F2A675D}.Debug|Any CPU.ActiveCfg = Debug|Any CPU
		{69115D5C-A0E5-486D-BFEC-88A16F2A675D}.Debug|Any CPU.Build.0 = Debug|Any CPU
		{69115D5C-A0E5-486D-BFEC-88A16F2A675D}.Release|Any CPU.ActiveCfg = Release|Any CPU
		{69115D5C-A0E5-486D-BFEC-88A16F2A675D}.Release|Any CPU.Build.0 = Release|Any CPU
		{26649BA8-3BE5-413F-B795-2E6A2D149117}.Debug|Any CPU.ActiveCfg = Debug|Any CPU
		{26649BA8-3BE5-413F-B795-2E6A2D149117}.Debug|Any CPU.Build.0 = Debug|Any CPU
		{26649BA8-3BE5-413F-B795-2E6A2D149117}.Release|Any CPU.ActiveCfg = Release|Any CPU
		{26649BA8-3BE5-413F-B795-2E6A2D149117}.Release|Any CPU.Build.0 = Release|Any CPU
		{93B4EE84-BCEC-4D84-A652-C677B29E19EB}.Debug|Any CPU.ActiveCfg = Debug|Any CPU
		{93B4EE84-BCEC-4D84-A652-C677B29E19EB}.Debug|Any CPU.Build.0 = Debug|Any CPU
		{93B4EE84-BCEC-4D84-A652-C677B29E19EB}.Release|Any CPU.ActiveCfg = Release|Any CPU
		{93B4EE84-BCEC-4D84-A652-C677B29E19EB}.Release|Any CPU.Build.0 = Release|Any CPU
		{A5F5B815-4C44-4B3E-9B5E-F422D8486FFC}.Debug|Any CPU.ActiveCfg = Debug|Any CPU
		{A5F5B815-4C44-4B3E-9B5E-F422D8486FFC}.Debug|Any CPU.Build.0 = Debug|Any CPU
		{A5F5B815-4C44-4B3E-9B5E-F422D8486FFC}.Release|Any CPU.ActiveCfg = Release|Any CPU
		{A5F5B815-4C44-4B3E-9B5E-F422D8486FFC}.Release|Any CPU.Build.0 = Release|Any CPU
		{C0B2F5E5-328A-432E-942E-3EBF46B3611D}.Debug|Any CPU.ActiveCfg = Debug|Any CPU
		{C0B2F5E5-328A-432E-942E-3EBF46B3611D}.Debug|Any CPU.Build.0 = Debug|Any CPU
		{C0B2F5E5-328A-432E-942E-3EBF46B3611D}.Release|Any CPU.ActiveCfg = Release|Any CPU
		{C0B2F5E5-328A-432E-942E-3EBF46B3611D}.Release|Any CPU.Build.0 = Release|Any CPU
		{1ED10B3A-4569-4625-B017-209A9A2D3167}.Debug|Any CPU.ActiveCfg = Debug|Any CPU
		{1ED10B3A-4569-4625-B017-209A9A2D3167}.Debug|Any CPU.Build.0 = Debug|Any CPU
		{1ED10B3A-4569-4625-B017-209A9A2D3167}.Release|Any CPU.ActiveCfg = Release|Any CPU
		{1ED10B3A-4569-4625-B017-209A9A2D3167}.Release|Any CPU.Build.0 = Release|Any CPU
		{EA4E66B0-6900-47E8-A5C7-B1929D2BE0D0}.Debug|Any CPU.ActiveCfg = Debug|Any CPU
		{EA4E66B0-6900-47E8-A5C7-B1929D2BE0D0}.Debug|Any CPU.Build.0 = Debug|Any CPU
		{EA4E66B0-6900-47E8-A5C7-B1929D2BE0D0}.Release|Any CPU.ActiveCfg = Release|Any CPU
		{EA4E66B0-6900-47E8-A5C7-B1929D2BE0D0}.Release|Any CPU.Build.0 = Release|Any CPU
		{17C6D275-598C-45A6-8CA1-C21F904E5612}.Debug|Any CPU.ActiveCfg = Debug|Any CPU
		{17C6D275-598C-45A6-8CA1-C21F904E5612}.Debug|Any CPU.Build.0 = Debug|Any CPU
		{17C6D275-598C-45A6-8CA1-C21F904E5612}.Release|Any CPU.ActiveCfg = Release|Any CPU
		{17C6D275-598C-45A6-8CA1-C21F904E5612}.Release|Any CPU.Build.0 = Release|Any CPU
		{296E3295-DFBA-44AE-8E0A-33DC4C3A78BA}.Debug|Any CPU.ActiveCfg = Debug|Any CPU
		{296E3295-DFBA-44AE-8E0A-33DC4C3A78BA}.Debug|Any CPU.Build.0 = Debug|Any CPU
		{296E3295-DFBA-44AE-8E0A-33DC4C3A78BA}.Release|Any CPU.ActiveCfg = Release|Any CPU
		{296E3295-DFBA-44AE-8E0A-33DC4C3A78BA}.Release|Any CPU.Build.0 = Release|Any CPU
		{0E19F70D-8B82-44E5-8286-8B5850066A83}.Debug|Any CPU.ActiveCfg = Debug|Any CPU
		{0E19F70D-8B82-44E5-8286-8B5850066A83}.Debug|Any CPU.Build.0 = Debug|Any CPU
		{0E19F70D-8B82-44E5-8286-8B5850066A83}.Release|Any CPU.ActiveCfg = Release|Any CPU
		{0E19F70D-8B82-44E5-8286-8B5850066A83}.Release|Any CPU.Build.0 = Release|Any CPU
		{947BFA9C-8509-4204-94E6-FF274DE456EA}.Debug|Any CPU.ActiveCfg = Debug|Any CPU
		{947BFA9C-8509-4204-94E6-FF274DE456EA}.Debug|Any CPU.Build.0 = Debug|Any CPU
		{947BFA9C-8509-4204-94E6-FF274DE456EA}.Release|Any CPU.ActiveCfg = Release|Any CPU
		{947BFA9C-8509-4204-94E6-FF274DE456EA}.Release|Any CPU.Build.0 = Release|Any CPU
		{972B6C0E-7CC3-4E4E-AE8E-8843BC969677}.Debug|Any CPU.ActiveCfg = Debug|Any CPU
		{972B6C0E-7CC3-4E4E-AE8E-8843BC969677}.Debug|Any CPU.Build.0 = Debug|Any CPU
		{972B6C0E-7CC3-4E4E-AE8E-8843BC969677}.Release|Any CPU.ActiveCfg = Release|Any CPU
		{972B6C0E-7CC3-4E4E-AE8E-8843BC969677}.Release|Any CPU.Build.0 = Release|Any CPU
		{D9595D08-029F-4739-B496-FE65C1FDA317}.Debug|Any CPU.ActiveCfg = Debug|Any CPU
		{D9595D08-029F-4739-B496-FE65C1FDA317}.Debug|Any CPU.Build.0 = Debug|Any CPU
		{D9595D08-029F-4739-B496-FE65C1FDA317}.Release|Any CPU.ActiveCfg = Release|Any CPU
		{D9595D08-029F-4739-B496-FE65C1FDA317}.Release|Any CPU.Build.0 = Release|Any CPU
		{175D1CF2-A64E-4F8E-A666-81BBC7848913}.Debug|Any CPU.ActiveCfg = Debug|Any CPU
		{175D1CF2-A64E-4F8E-A666-81BBC7848913}.Debug|Any CPU.Build.0 = Debug|Any CPU
		{175D1CF2-A64E-4F8E-A666-81BBC7848913}.Release|Any CPU.ActiveCfg = Release|Any CPU
		{175D1CF2-A64E-4F8E-A666-81BBC7848913}.Release|Any CPU.Build.0 = Release|Any CPU
	EndGlobalSection
	GlobalSection(SolutionProperties) = preSolution
		HideSolutionNode = FALSE
	EndGlobalSection
	GlobalSection(NestedProjects) = preSolution
		{D6E14001-ECDB-4155-B5FE-3CB4A59A678C} = {6C263A90-FE43-4048-9298-B94D5A4C41F3}
		{B6644D3A-E2DF-4AF2-A3FF-EFF7CA383164} = {6C263A90-FE43-4048-9298-B94D5A4C41F3}
		{0BEC2B2E-13E3-4169-B2A0-BB9F3D5BABAA} = {1B02F8C6-5E0F-4746-9B90-5EDDE7033080}
		{8704FFD5-EF33-4695-9A1C-CA6A6D1ED2B3} = {1B02F8C6-5E0F-4746-9B90-5EDDE7033080}
		{69115D5C-A0E5-486D-BFEC-88A16F2A675D} = {3139D6F3-5083-4154-A971-26C65DC37896}
		{26649BA8-3BE5-413F-B795-2E6A2D149117} = {3139D6F3-5083-4154-A971-26C65DC37896}
		{93B4EE84-BCEC-4D84-A652-C677B29E19EB} = {3139D6F3-5083-4154-A971-26C65DC37896}
		{A5F5B815-4C44-4B3E-9B5E-F422D8486FFC} = {3139D6F3-5083-4154-A971-26C65DC37896}
		{C0B2F5E5-328A-432E-942E-3EBF46B3611D} = {3139D6F3-5083-4154-A971-26C65DC37896}
		{1ED10B3A-4569-4625-B017-209A9A2D3167} = {3139D6F3-5083-4154-A971-26C65DC37896}
		{EA4E66B0-6900-47E8-A5C7-B1929D2BE0D0} = {3DF62C71-C244-4E50-90F6-646389E65F49}
		{17C6D275-598C-45A6-8CA1-C21F904E5612} = {3DF62C71-C244-4E50-90F6-646389E65F49}
		{296E3295-DFBA-44AE-8E0A-33DC4C3A78BA} = {3DF62C71-C244-4E50-90F6-646389E65F49}
		{0E19F70D-8B82-44E5-8286-8B5850066A83} = {3DF62C71-C244-4E50-90F6-646389E65F49}
		{94DF3621-C4FE-4648-833D-0C7BE2926A34} = {799BC5BF-6F84-4F30-A714-890251A76566}
		{A2A57286-BED6-4CA6-81D7-61664A0D8298} = {799BC5BF-6F84-4F30-A714-890251A76566}
		{947BFA9C-8509-4204-94E6-FF274DE456EA} = {94DF3621-C4FE-4648-833D-0C7BE2926A34}
		{972B6C0E-7CC3-4E4E-AE8E-8843BC969677} = {94DF3621-C4FE-4648-833D-0C7BE2926A34}
		{D9595D08-029F-4739-B496-FE65C1FDA317} = {A2A57286-BED6-4CA6-81D7-61664A0D8298}
		{175D1CF2-A64E-4F8E-A666-81BBC7848913} = {A2A57286-BED6-4CA6-81D7-61664A0D8298}
		{2C7CAD92-2CFD-4889-BE48-6B7FE65A83EC} = {A2D166CB-6284-4534-AF60-B1941732116B}
		{2F54CC80-9A91-4117-9B85-0A14A58B2301} = {2C7CAD92-2CFD-4889-BE48-6B7FE65A83EC}
		{B2487FC9-55E2-431D-89A8-15560153435E} = {2C7CAD92-2CFD-4889-BE48-6B7FE65A83EC}
		{E43E3BA2-27BC-4F86-A5AE-98A9DDC59370} = {A2D166CB-6284-4534-AF60-B1941732116B}
		{24746743-C6D3-466D-84EB-9641A8554213} = {E43E3BA2-27BC-4F86-A5AE-98A9DDC59370}
		{DBFA76DB-411F-4445-B4E0-EB6C26919D8B} = {E43E3BA2-27BC-4F86-A5AE-98A9DDC59370}
		{33FF1582-C2C9-48D0-A99E-6FC64AC69592} = {D89380E5-987C-474B-B618-9E68FBDEC61F}
		{9375922F-D6A3-4ABD-9517-99ECE52CFD23} = {33FF1582-C2C9-48D0-A99E-6FC64AC69592}
		{01D4D7F9-7DC1-42E7-A0DE-AFAFEF0458C3} = {33FF1582-C2C9-48D0-A99E-6FC64AC69592}
		{3BAD7A6F-CCC6-47E2-A523-A8626B976018} = {D89380E5-987C-474B-B618-9E68FBDEC61F}
		{01891F86-6212-4595-A8FF-877C9E7C167C} = {3BAD7A6F-CCC6-47E2-A523-A8626B976018}
		{725AEF62-14C5-4D90-8169-F5E4054797E5} = {3BAD7A6F-CCC6-47E2-A523-A8626B976018}
	EndGlobalSection
	GlobalSection(ExtensibilityGlobals) = postSolution
		SolutionGuid = {3E661FBC-5133-4A35-9DC9-B312251DA68F}
	EndGlobalSection
EndGlobal
