
Microsoft Visual Studio Solution File, Format Version 12.00
Project("{2150E333-8FDC-42A3-9474-1A3956D46DE8}") = "Week 2 - Object Calisthenics", "Week 2 - Object Calisthenics", "{799BC5BF-6F84-4F30-A714-890251A76566}"
EndProject
Project("{2150E333-8FDC-42A3-9474-1A3956D46DE8}") = "Week 3 - Command Query Separation", "Week 3 - Command Query Separation", "{A2D166CB-6284-4534-AF60-B1941732116B}"
EndProject
Project("{2150E333-8FDC-42A3-9474-1A3956D46DE8}") = "Week 4 - TDD", "Week 4 - TDD", "{1B02F8C6-5E0F-4746-9B90-5EDDE7033080}"
EndProject
Project("{2150E333-8FDC-42A3-9474-1A3956D46DE8}") = "Week 5 - Accidental Complexity", "Week 5 - Accidental Complexity", "{D89380E5-987C-474B-B618-9E68FBDEC61F}"
EndProject
Project("{2150E333-8FDC-42A3-9474-1A3956D46DE8}") = "Week 6 - Legacy Code", "Week 6 - Legacy Code", "{3139D6F3-5083-4154-A971-26C65DC37896}"
EndProject
Project("{2150E333-8FDC-42A3-9474-1A3956D46DE8}") = "Week 7 - Property Based Testing", "Week 7 - Property Based Testing", "{3DF62C71-C244-4E50-90F6-646389E65F49}"
EndProject
Project("{2150E333-8FDC-42A3-9474-1A3956D46DE8}") = "Week 1 - Code Analysis", "Week 1 - Code Analysis", "{6C263A90-FE43-4048-9298-B94D5A4C41F3}"
EndProject
Project("{FAE04EC0-301F-11D3-BF4B-00C04F79EFBC}") = "ExerciseMovieStore", "week01-code-analysis\ExerciseMovieStore\ExerciseMovieStore.csproj", "{D6E14001-ECDB-4155-B5FE-3CB4A59A678C}"
EndProject
Project("{FAE04EC0-301F-11D3-BF4B-00C04F79EFBC}") = "ExerciseMovieStore.Tests", "week01-code-analysis\ExerciseMovieStore.Tests\ExerciseMovieStore.Tests.csproj", "{B6644D3A-E2DF-4AF2-A3FF-EFF7CA383164}"
EndProject
Project("{FAE04EC0-301F-11D3-BF4B-00C04F79EFBC}") = "ExerciseFizzBuzz", "week02-object-calisthenics\ExerciseFizzBuzz\ExerciseFizzBuzz.csproj", "{5BA9F925-77D4-426B-A3DC-50EA80304B7E}"
EndProject
Project("{FAE04EC0-301F-11D3-BF4B-00C04F79EFBC}") = "ExerciseFizzBuzz.Tests", "week02-object-calisthenics\ExerciseFizzBuzz.Tests\ExerciseFizzBuzz.Tests.csproj", "{1E859AD7-C955-491F-9E94-D8A52E04AD83}"
EndProject
Project("{FAE04EC0-301F-11D3-BF4B-00C04F79EFBC}") = "ExerciseBookStore", "week02-object-calisthenics\ExerciseBookStore\ExerciseBookStore.csproj", "{74E5DA7B-2D23-4426-84ED-7B5D2300ACA8}"
EndProject
Project("{FAE04EC0-301F-11D3-BF4B-00C04F79EFBC}") = "ExerciseBookStore.Tests", "week02-object-calisthenics\ExerciseBookStore.Tests\ExerciseBookStore.Tests.csproj", "{E7E239CC-9A7E-4679-8F92-986A7E33C33B}"
EndProject
Global
	GlobalSection(SolutionConfigurationPlatforms) = preSolution
		Debug|Any CPU = Debug|Any CPU
		Release|Any CPU = Release|Any CPU
	EndGlobalSection
	GlobalSection(ProjectConfigurationPlatforms) = postSolution
		{D6E14001-ECDB-4155-B5FE-3CB4A59A678C}.Debug|Any CPU.ActiveCfg = Debug|Any CPU
		{D6E14001-ECDB-4155-B5FE-3CB4A59A678C}.Debug|Any CPU.Build.0 = Debug|Any CPU
		{D6E14001-ECDB-4155-B5FE-3CB4A59A678C}.Release|Any CPU.ActiveCfg = Release|Any CPU
		{D6E14001-ECDB-4155-B5FE-3CB4A59A678C}.Release|Any CPU.Build.0 = Release|Any CPU
		{B6644D3A-E2DF-4AF2-A3FF-EFF7CA383164}.Debug|Any CPU.ActiveCfg = Debug|Any CPU
		{B6644D3A-E2DF-4AF2-A3FF-EFF7CA383164}.Debug|Any CPU.Build.0 = Debug|Any CPU
		{B6644D3A-E2DF-4AF2-A3FF-EFF7CA383164}.Release|Any CPU.ActiveCfg = Release|Any CPU
		{B6644D3A-E2DF-4AF2-A3FF-EFF7CA383164}.Release|Any CPU.Build.0 = Release|Any CPU
		{5BA9F925-77D4-426B-A3DC-50EA80304B7E}.Debug|Any CPU.ActiveCfg = Debug|Any CPU
		{5BA9F925-77D4-426B-A3DC-50EA80304B7E}.Debug|Any CPU.Build.0 = Debug|Any CPU
		{5BA9F925-77D4-426B-A3DC-50EA80304B7E}.Release|Any CPU.ActiveCfg = Release|Any CPU
		{5BA9F925-77D4-426B-A3DC-50EA80304B7E}.Release|Any CPU.Build.0 = Release|Any CPU
		{1E859AD7-C955-491F-9E94-D8A52E04AD83}.Debug|Any CPU.ActiveCfg = Debug|Any CPU
		{1E859AD7-C955-491F-9E94-D8A52E04AD83}.Debug|Any CPU.Build.0 = Debug|Any CPU
		{1E859AD7-C955-491F-9E94-D8A52E04AD83}.Release|Any CPU.ActiveCfg = Release|Any CPU
		{1E859AD7-C955-491F-9E94-D8A52E04AD83}.Release|Any CPU.Build.0 = Release|Any CPU
		{74E5DA7B-2D23-4426-84ED-7B5D2300ACA8}.Debug|Any CPU.ActiveCfg = Debug|Any CPU
		{74E5DA7B-2D23-4426-84ED-7B5D2300ACA8}.Debug|Any CPU.Build.0 = Debug|Any CPU
		{74E5DA7B-2D23-4426-84ED-7B5D2300ACA8}.Release|Any CPU.ActiveCfg = Release|Any CPU
		{74E5DA7B-2D23-4426-84ED-7B5D2300ACA8}.Release|Any CPU.Build.0 = Release|Any CPU
		{E7E239CC-9A7E-4679-8F92-986A7E33C33B}.Debug|Any CPU.ActiveCfg = Debug|Any CPU
		{E7E239CC-9A7E-4679-8F92-986A7E33C33B}.Debug|Any CPU.Build.0 = Debug|Any CPU
		{E7E239CC-9A7E-4679-8F92-986A7E33C33B}.Release|Any CPU.ActiveCfg = Release|Any CPU
		{E7E239CC-9A7E-4679-8F92-986A7E33C33B}.Release|Any CPU.Build.0 = Release|Any CPU
	EndGlobalSection
	GlobalSection(NestedProjects) = preSolution
		{D6E14001-ECDB-4155-B5FE-3CB4A59A678C} = {6C263A90-FE43-4048-9298-B94D5A4C41F3}
		{B6644D3A-E2DF-4AF2-A3FF-EFF7CA383164} = {6C263A90-FE43-4048-9298-B94D5A4C41F3}
		{5BA9F925-77D4-426B-A3DC-50EA80304B7E} = {799BC5BF-6F84-4F30-A714-890251A76566}
		{1E859AD7-C955-491F-9E94-D8A52E04AD83} = {799BC5BF-6F84-4F30-A714-890251A76566}
		{74E5DA7B-2D23-4426-84ED-7B5D2300ACA8} = {799BC5BF-6F84-4F30-A714-890251A76566}
		{E7E239CC-9A7E-4679-8F92-986A7E33C33B} = {799BC5BF-6F84-4F30-A714-890251A76566}
	EndGlobalSection
EndGlobal
