
Microsoft Visual Studio Solution File, Format Version 12.00
# Visual Studio Version 17
VisualStudioVersion = 17.10.35013.160
MinimumVisualStudioVersion = 10.0.40219.1
Project("{2150E333-8FDC-42A3-9474-1A3956D46DE8}") = "Week 2 - Object Calisthenics", "Week 2 - Object Calisthenics", "{799BC5BF-6F84-4F30-A714-890251A76566}"
EndProject
Project("{2150E333-8FDC-42A3-9474-1A3956D46DE8}") = "Week 3 - Command Query Separation", "Week 3 - Command Query Separation", "{A2D166CB-6284-4534-AF60-B1941732116B}"
EndProject
Project("{2150E333-8FDC-42A3-9474-1A3956D46DE8}") = "Week 4 - TDD", "Week 4 - TDD", "{1B02F8C6-5E0F-4746-9B90-5EDDE7033080}"
EndProject
Project("{2150E333-8FDC-42A3-9474-1A3956D46DE8}") = "Week 5 - Accidental Complexity", "Week 5 - Accidental Complexity", "{D89380E5-987C-474B-B618-9E68FBDEC61F}"
EndProject
Project("{2150E333-8FDC-42A3-9474-1A3956D46DE8}") = "Week 6 - Legacy Code", "Week 6 - Legacy Code", "{3139D6F3-5083-4154-A971-26C65DC37896}"
EndProject
Project("{2150E333-8FDC-42A3-9474-1A3956D46DE8}") = "Week 7 - Property Based Testing", "Week 7 - Property Based Testing", "{3DF62C71-C244-4E50-90F6-646389E65F49}"
EndProject
Project("{2150E333-8FDC-42A3-9474-1A3956D46DE8}") = "Week 1 - Code Analysis", "Week 1 - Code Analysis", "{6C263A90-FE43-4048-9298-B94D5A4C41F3}"
EndProject
Project("{9A19103F-16F7-4668-BE54-9A1E7A4F7556}") = "MovieStore", "week01-code-analysis\MovieStore\MovieStore.csproj", "{D6E14001-ECDB-4155-B5FE-3CB4A59A678C}"
EndProject
Project("{9A19103F-16F7-4668-BE54-9A1E7A4F7556}") = "MovieStore.Tests", "week01-code-analysis\MovieStore.Tests\MovieStore.Tests.csproj", "{B6644D3A-E2DF-4AF2-A3FF-EFF7CA383164}"
EndProject
Project("{9A19103F-16F7-4668-BE54-9A1E7A4F7556}") = "FizzBuzz", "week02-object-calisthenics\FizzBuzz\FizzBuzz.csproj", "{5BA9F925-77D4-426B-A3DC-50EA80304B7E}"
EndProject
Project("{9A19103F-16F7-4668-BE54-9A1E7A4F7556}") = "FizzBuzz.Tests", "week02-object-calisthenics\FizzBuzz.Tests\FizzBuzz.Tests.csproj", "{1E859AD7-C955-491F-9E94-D8A52E04AD83}"
EndProject
Project("{9A19103F-16F7-4668-BE54-9A1E7A4F7556}") = "BookStore", "week02-object-calisthenics\BookStore\BookStore.csproj", "{74E5DA7B-2D23-4426-84ED-7B5D2300ACA8}"
EndProject
Project("{9A19103F-16F7-4668-BE54-9A1E7A4F7556}") = "Client", "week03-cqs\Client\Client.csproj", "{2F54CC80-9A91-4117-9B85-0A14A58B2301}"
EndProject
Project("{9A19103F-16F7-4668-BE54-9A1E7A4F7556}") = "Client.Tests", "week03-cqs\Client.Tests\Client.Tests.csproj", "{B2487FC9-55E2-431D-89A8-15560153435E}"
EndProject
Project("{9A19103F-16F7-4668-BE54-9A1E7A4F7556}") = "Cache", "week03-cqs\Cache\Cache.csproj", "{24746743-C6D3-466D-84EB-9641A8554213}"
EndProject
Project("{9A19103F-16F7-4668-BE54-9A1E7A4F7556}") = "Cache.Tests", "week03-cqs\Cache.Tests\Cache.Tests.csproj", "{DBFA76DB-411F-4445-B4E0-EB6C26919D8B}"
EndProject
Project("{9A19103F-16F7-4668-BE54-9A1E7A4F7556}") = "PasswordValidation", "week04-tdd\PasswordValidation\PasswordValidation.csproj", "{0BEC2B2E-13E3-4169-B2A0-BB9F3D5BABAA}"
EndProject
Project("{9A19103F-16F7-4668-BE54-9A1E7A4F7556}") = "PasswordValidation.Tests", "week04-tdd\PasswordValidation.Tests\PasswordValidation.Tests.csproj", "{8704FFD5-EF33-4695-9A1C-CA6A6D1ED2B3}"
EndProject
Project("{9A19103F-16F7-4668-BE54-9A1E7A4F7556}") = "FizzBuzz-Comes-Back", "week05-complexity\FizzBuzz-Comes-Back\FizzBuzz-Comes-Back.csproj", "{9375922F-D6A3-4ABD-9517-99ECE52CFD23}"
EndProject
Project("{9A19103F-16F7-4668-BE54-9A1E7A4F7556}") = "FizzBuzz-Comes-Back.Tests", "week05-complexity\FizzBuzz-Comes-Back.Tests\FizzBuzz-Comes-Back.Tests.csproj", "{01D4D7F9-7DC1-42E7-A0DE-AFAFEF0458C3}"
EndProject
Project("{9A19103F-16F7-4668-BE54-9A1E7A4F7556}") = "CommandProcessor", "week05-complexity\CommandProcessor\CommandProcessor.csproj", "{01891F86-6212-4595-A8FF-877C9E7C167C}"
EndProject
Project("{9A19103F-16F7-4668-BE54-9A1E7A4F7556}") = "CommandProcessor.Tests", "week05-complexity\CommandProcessor.Tests\CommandProcessor.Tests.csproj", "{725AEF62-14C5-4D90-8169-F5E4054797E5}"
EndProject
Project("{9A19103F-16F7-4668-BE54-9A1E7A4F7556}") = "Documents", "week06-legacy-code\Documents\Documents.csproj", "{69115D5C-A0E5-486D-BFEC-88A16F2A675D}"
EndProject
Project("{9A19103F-16F7-4668-BE54-9A1E7A4F7556}") = "ReportGenerator", "week06-legacy-code\ReportGenerator\ReportGenerator.csproj", "{93B4EE84-BCEC-4D84-A652-C677B29E19EB}"
EndProject
Project("{9A19103F-16F7-4668-BE54-9A1E7A4F7556}") = "OrderProcessor", "week06-legacy-code\OrderProcessor\OrderProcessor.csproj", "{7813A8AA-2591-41AC-B2EA-F966614EF5E8}"
EndProject
Project("{9A19103F-16F7-4668-BE54-9A1E7A4F7556}") = "FizzBuzz-Comes-Back-Again", "week07-pbt\FizzBuzz-Comes-Back-Again\FizzBuzz-Comes-Back-Again.csproj", "{7E2CC390-1C65-4102-A577-C9FEC35CEAA7}"
EndProject
Project("{9A19103F-16F7-4668-BE54-9A1E7A4F7556}") = "FizzBuzz-Comes-Back-Again.Tests", "week07-pbt\FizzBuzz-Comes-Back-Again.Tests\FizzBuzz-Comes-Back-Again.Tests.csproj", "{6C837D1E-3B61-444F-803F-159EA3186A39}"
EndProject
Project("{9A19103F-16F7-4668-BE54-9A1E7A4F7556}") = "AllProperties", "week07-pbt\AllProperties\AllProperties.csproj", "{35C3EBB2-AE66-4BF8-8238-A30A73611F4B}"
EndProject
Project("{2150E333-8FDC-42A3-9474-1A3956D46DE8}") = "Exercise 1 - FizzBuzz", "Exercise 1 - FizzBuzz", "{3A16BDEF-03F4-4C1A-B5DE-92DECC297082}"
EndProject
Project("{2150E333-8FDC-42A3-9474-1A3956D46DE8}") = "Exercise 2 - BookStore", "Exercise 2 - BookStore", "{2A4625D9-C937-4CB7-ADD6-C2CE5795D785}"
EndProject
Project("{2150E333-8FDC-42A3-9474-1A3956D46DE8}") = "Exercise 1 - Client", "Exercise 1 - Client", "{7D210D72-9610-40B1-A539-EAAD4E4C5418}"
EndProject
Project("{2150E333-8FDC-42A3-9474-1A3956D46DE8}") = "Exercise 2 - Cache", "Exercise 2 - Cache", "{6DDAD04A-504C-4AC1-B4AF-F0C0304BC8AE}"
EndProject
Project("{2150E333-8FDC-42A3-9474-1A3956D46DE8}") = "Exercise 1 - FizzBuzz comes back", "Exercise 1 - FizzBuzz comes back", "{A9B822A6-27C9-42DE-9CD9-1A058670DF50}"
EndProject
Project("{2150E333-8FDC-42A3-9474-1A3956D46DE8}") = "Exercise 2 - CommandProcessor", "Exercise 2 - CommandProcessor", "{E06A293A-F2A2-4D61-A4EB-8A059C4B1658}"
EndProject
Project("{2150E333-8FDC-42A3-9474-1A3956D46DE8}") = "Exercise 1 - Documents", "Exercise 1 - Documents", "{7AFBBE5F-0C12-435A-A8FC-EED57024FAC8}"
EndProject
Project("{2150E333-8FDC-42A3-9474-1A3956D46DE8}") = "Exercise 2 - ReportGenerator", "Exercise 2 - ReportGenerator", "{5C6BF8E6-64E9-4775-92DB-98265FCF66F7}"
EndProject
Project("{2150E333-8FDC-42A3-9474-1A3956D46DE8}") = "Exercise 3 - OrderProcessor", "Exercise 3 - OrderProcessor", "{A6E76DDC-054D-4923-8A36-01E9A716C022}"
EndProject
Project("{2150E333-8FDC-42A3-9474-1A3956D46DE8}") = "Exercise 1 - FizzBuzz comes back again", "Exercise 1 - FizzBuzz comes back again", "{320CCC58-9294-4623-8A11-8AF787DD3ECC}"
EndProject
Project("{2150E333-8FDC-42A3-9474-1A3956D46DE8}") = "Exercise 2 - All Properties", "Exercise 2 - All Properties", "{9DBEFF3F-17C1-42DC-BE74-A0EBD243499A}"
EndProject
Global
	GlobalSection(SolutionConfigurationPlatforms) = preSolution
		Debug|Any CPU = Debug|Any CPU
		Release|Any CPU = Release|Any CPU
	EndGlobalSection
	GlobalSection(ProjectConfigurationPlatforms) = postSolution
		{D6E14001-ECDB-4155-B5FE-3CB4A59A678C}.Debug|Any CPU.ActiveCfg = Debug|Any CPU
		{D6E14001-ECDB-4155-B5FE-3CB4A59A678C}.Debug|Any CPU.Build.0 = Debug|Any CPU
		{D6E14001-ECDB-4155-B5FE-3CB4A59A678C}.Release|Any CPU.ActiveCfg = Release|Any CPU
		{D6E14001-ECDB-4155-B5FE-3CB4A59A678C}.Release|Any CPU.Build.0 = Release|Any CPU
		{B6644D3A-E2DF-4AF2-A3FF-EFF7CA383164}.Debug|Any CPU.ActiveCfg = Debug|Any CPU
		{B6644D3A-E2DF-4AF2-A3FF-EFF7CA383164}.Debug|Any CPU.Build.0 = Debug|Any CPU
		{B6644D3A-E2DF-4AF2-A3FF-EFF7CA383164}.Release|Any CPU.ActiveCfg = Release|Any CPU
		{B6644D3A-E2DF-4AF2-A3FF-EFF7CA383164}.Release|Any CPU.Build.0 = Release|Any CPU
		{5BA9F925-77D4-426B-A3DC-50EA80304B7E}.Debug|Any CPU.ActiveCfg = Debug|Any CPU
		{5BA9F925-77D4-426B-A3DC-50EA80304B7E}.Debug|Any CPU.Build.0 = Debug|Any CPU
		{5BA9F925-77D4-426B-A3DC-50EA80304B7E}.Release|Any CPU.ActiveCfg = Release|Any CPU
		{5BA9F925-77D4-426B-A3DC-50EA80304B7E}.Release|Any CPU.Build.0 = Release|Any CPU
		{1E859AD7-C955-491F-9E94-D8A52E04AD83}.Debug|Any CPU.ActiveCfg = Debug|Any CPU
		{1E859AD7-C955-491F-9E94-D8A52E04AD83}.Debug|Any CPU.Build.0 = Debug|Any CPU
		{1E859AD7-C955-491F-9E94-D8A52E04AD83}.Release|Any CPU.ActiveCfg = Release|Any CPU
		{1E859AD7-C955-491F-9E94-D8A52E04AD83}.Release|Any CPU.Build.0 = Release|Any CPU
		{74E5DA7B-2D23-4426-84ED-7B5D2300ACA8}.Debug|Any CPU.ActiveCfg = Debug|Any CPU
		{74E5DA7B-2D23-4426-84ED-7B5D2300ACA8}.Debug|Any CPU.Build.0 = Debug|Any CPU
		{74E5DA7B-2D23-4426-84ED-7B5D2300ACA8}.Release|Any CPU.ActiveCfg = Release|Any CPU
		{74E5DA7B-2D23-4426-84ED-7B5D2300ACA8}.Release|Any CPU.Build.0 = Release|Any CPU
		{2F54CC80-9A91-4117-9B85-0A14A58B2301}.Debug|Any CPU.ActiveCfg = Debug|Any CPU
		{2F54CC80-9A91-4117-9B85-0A14A58B2301}.Debug|Any CPU.Build.0 = Debug|Any CPU
		{2F54CC80-9A91-4117-9B85-0A14A58B2301}.Release|Any CPU.ActiveCfg = Release|Any CPU
		{2F54CC80-9A91-4117-9B85-0A14A58B2301}.Release|Any CPU.Build.0 = Release|Any CPU
		{B2487FC9-55E2-431D-89A8-15560153435E}.Debug|Any CPU.ActiveCfg = Debug|Any CPU
		{B2487FC9-55E2-431D-89A8-15560153435E}.Debug|Any CPU.Build.0 = Debug|Any CPU
		{B2487FC9-55E2-431D-89A8-15560153435E}.Release|Any CPU.ActiveCfg = Release|Any CPU
		{B2487FC9-55E2-431D-89A8-15560153435E}.Release|Any CPU.Build.0 = Release|Any CPU
		{24746743-C6D3-466D-84EB-9641A8554213}.Debug|Any CPU.ActiveCfg = Debug|Any CPU
		{24746743-C6D3-466D-84EB-9641A8554213}.Debug|Any CPU.Build.0 = Debug|Any CPU
		{24746743-C6D3-466D-84EB-9641A8554213}.Release|Any CPU.ActiveCfg = Release|Any CPU
		{24746743-C6D3-466D-84EB-9641A8554213}.Release|Any CPU.Build.0 = Release|Any CPU
		{DBFA76DB-411F-4445-B4E0-EB6C26919D8B}.Debug|Any CPU.ActiveCfg = Debug|Any CPU
		{DBFA76DB-411F-4445-B4E0-EB6C26919D8B}.Debug|Any CPU.Build.0 = Debug|Any CPU
		{DBFA76DB-411F-4445-B4E0-EB6C26919D8B}.Release|Any CPU.ActiveCfg = Release|Any CPU
		{DBFA76DB-411F-4445-B4E0-EB6C26919D8B}.Release|Any CPU.Build.0 = Release|Any CPU
		{0BEC2B2E-13E3-4169-B2A0-BB9F3D5BABAA}.Debug|Any CPU.ActiveCfg = Debug|Any CPU
		{0BEC2B2E-13E3-4169-B2A0-BB9F3D5BABAA}.Debug|Any CPU.Build.0 = Debug|Any CPU
		{0BEC2B2E-13E3-4169-B2A0-BB9F3D5BABAA}.Release|Any CPU.ActiveCfg = Release|Any CPU
		{0BEC2B2E-13E3-4169-B2A0-BB9F3D5BABAA}.Release|Any CPU.Build.0 = Release|Any CPU
		{8704FFD5-EF33-4695-9A1C-CA6A6D1ED2B3}.Debug|Any CPU.ActiveCfg = Debug|Any CPU
		{8704FFD5-EF33-4695-9A1C-CA6A6D1ED2B3}.Debug|Any CPU.Build.0 = Debug|Any CPU
		{8704FFD5-EF33-4695-9A1C-CA6A6D1ED2B3}.Release|Any CPU.ActiveCfg = Release|Any CPU
		{8704FFD5-EF33-4695-9A1C-CA6A6D1ED2B3}.Release|Any CPU.Build.0 = Release|Any CPU
		{9375922F-D6A3-4ABD-9517-99ECE52CFD23}.Debug|Any CPU.ActiveCfg = Debug|Any CPU
		{9375922F-D6A3-4ABD-9517-99ECE52CFD23}.Debug|Any CPU.Build.0 = Debug|Any CPU
		{9375922F-D6A3-4ABD-9517-99ECE52CFD23}.Release|Any CPU.ActiveCfg = Release|Any CPU
		{9375922F-D6A3-4ABD-9517-99ECE52CFD23}.Release|Any CPU.Build.0 = Release|Any CPU
		{01D4D7F9-7DC1-42E7-A0DE-AFAFEF0458C3}.Debug|Any CPU.ActiveCfg = Debug|Any CPU
		{01D4D7F9-7DC1-42E7-A0DE-AFAFEF0458C3}.Debug|Any CPU.Build.0 = Debug|Any CPU
		{01D4D7F9-7DC1-42E7-A0DE-AFAFEF0458C3}.Release|Any CPU.ActiveCfg = Release|Any CPU
		{01D4D7F9-7DC1-42E7-A0DE-AFAFEF0458C3}.Release|Any CPU.Build.0 = Release|Any CPU
		{01891F86-6212-4595-A8FF-877C9E7C167C}.Debug|Any CPU.ActiveCfg = Debug|Any CPU
		{01891F86-6212-4595-A8FF-877C9E7C167C}.Debug|Any CPU.Build.0 = Debug|Any CPU
		{01891F86-6212-4595-A8FF-877C9E7C167C}.Release|Any CPU.ActiveCfg = Release|Any CPU
		{01891F86-6212-4595-A8FF-877C9E7C167C}.Release|Any CPU.Build.0 = Release|Any CPU
		{725AEF62-14C5-4D90-8169-F5E4054797E5}.Debug|Any CPU.ActiveCfg = Debug|Any CPU
		{725AEF62-14C5-4D90-8169-F5E4054797E5}.Debug|Any CPU.Build.0 = Debug|Any CPU
		{725AEF62-14C5-4D90-8169-F5E4054797E5}.Release|Any CPU.ActiveCfg = Release|Any CPU
		{725AEF62-14C5-4D90-8169-F5E4054797E5}.Release|Any CPU.Build.0 = Release|Any CPU
		{69115D5C-A0E5-486D-BFEC-88A16F2A675D}.Debug|Any CPU.ActiveCfg = Debug|Any CPU
		{69115D5C-A0E5-486D-BFEC-88A16F2A675D}.Debug|Any CPU.Build.0 = Debug|Any CPU
		{69115D5C-A0E5-486D-BFEC-88A16F2A675D}.Release|Any CPU.ActiveCfg = Release|Any CPU
		{69115D5C-A0E5-486D-BFEC-88A16F2A675D}.Release|Any CPU.Build.0 = Release|Any CPU
		{93B4EE84-BCEC-4D84-A652-C677B29E19EB}.Debug|Any CPU.ActiveCfg = Debug|Any CPU
		{93B4EE84-BCEC-4D84-A652-C677B29E19EB}.Debug|Any CPU.Build.0 = Debug|Any CPU
		{93B4EE84-BCEC-4D84-A652-C677B29E19EB}.Release|Any CPU.ActiveCfg = Release|Any CPU
		{93B4EE84-BCEC-4D84-A652-C677B29E19EB}.Release|Any CPU.Build.0 = Release|Any CPU
		{7813A8AA-2591-41AC-B2EA-F966614EF5E8}.Debug|Any CPU.ActiveCfg = Debug|Any CPU
		{7813A8AA-2591-41AC-B2EA-F966614EF5E8}.Debug|Any CPU.Build.0 = Debug|Any CPU
		{7813A8AA-2591-41AC-B2EA-F966614EF5E8}.Release|Any CPU.ActiveCfg = Release|Any CPU
		{7813A8AA-2591-41AC-B2EA-F966614EF5E8}.Release|Any CPU.Build.0 = Release|Any CPU
		{7E2CC390-1C65-4102-A577-C9FEC35CEAA7}.Debug|Any CPU.ActiveCfg = Debug|Any CPU
		{7E2CC390-1C65-4102-A577-C9FEC35CEAA7}.Debug|Any CPU.Build.0 = Debug|Any CPU
		{7E2CC390-1C65-4102-A577-C9FEC35CEAA7}.Release|Any CPU.ActiveCfg = Release|Any CPU
		{7E2CC390-1C65-4102-A577-C9FEC35CEAA7}.Release|Any CPU.Build.0 = Release|Any CPU
		{6C837D1E-3B61-444F-803F-159EA3186A39}.Debug|Any CPU.ActiveCfg = Debug|Any CPU
		{6C837D1E-3B61-444F-803F-159EA3186A39}.Debug|Any CPU.Build.0 = Debug|Any CPU
		{6C837D1E-3B61-444F-803F-159EA3186A39}.Release|Any CPU.ActiveCfg = Release|Any CPU
		{6C837D1E-3B61-444F-803F-159EA3186A39}.Release|Any CPU.Build.0 = Release|Any CPU
		{35C3EBB2-AE66-4BF8-8238-A30A73611F4B}.Debug|Any CPU.ActiveCfg = Debug|Any CPU
		{35C3EBB2-AE66-4BF8-8238-A30A73611F4B}.Debug|Any CPU.Build.0 = Debug|Any CPU
		{35C3EBB2-AE66-4BF8-8238-A30A73611F4B}.Release|Any CPU.ActiveCfg = Release|Any CPU
		{35C3EBB2-AE66-4BF8-8238-A30A73611F4B}.Release|Any CPU.Build.0 = Release|Any CPU
	EndGlobalSection
	GlobalSection(SolutionProperties) = preSolution
		HideSolutionNode = FALSE
	EndGlobalSection
	GlobalSection(NestedProjects) = preSolution
		{D6E14001-ECDB-4155-B5FE-3CB4A59A678C} = {6C263A90-FE43-4048-9298-B94D5A4C41F3}
		{B6644D3A-E2DF-4AF2-A3FF-EFF7CA383164} = {6C263A90-FE43-4048-9298-B94D5A4C41F3}
		{0BEC2B2E-13E3-4169-B2A0-BB9F3D5BABAA} = {1B02F8C6-5E0F-4746-9B90-5EDDE7033080}
		{8704FFD5-EF33-4695-9A1C-CA6A6D1ED2B3} = {1B02F8C6-5E0F-4746-9B90-5EDDE7033080}
		{3A16BDEF-03F4-4C1A-B5DE-92DECC297082} = {799BC5BF-6F84-4F30-A714-890251A76566}
		{5BA9F925-77D4-426B-A3DC-50EA80304B7E} = {3A16BDEF-03F4-4C1A-B5DE-92DECC297082}
		{1E859AD7-C955-491F-9E94-D8A52E04AD83} = {3A16BDEF-03F4-4C1A-B5DE-92DECC297082}
		{2A4625D9-C937-4CB7-ADD6-C2CE5795D785} = {799BC5BF-6F84-4F30-A714-890251A76566}
		{74E5DA7B-2D23-4426-84ED-7B5D2300ACA8} = {2A4625D9-C937-4CB7-ADD6-C2CE5795D785}
		{7D210D72-9610-40B1-A539-EAAD4E4C5418} = {A2D166CB-6284-4534-AF60-B1941732116B}
		{2F54CC80-9A91-4117-9B85-0A14A58B2301} = {7D210D72-9610-40B1-A539-EAAD4E4C5418}
		{B2487FC9-55E2-431D-89A8-15560153435E} = {7D210D72-9610-40B1-A539-EAAD4E4C5418}
		{6DDAD04A-504C-4AC1-B4AF-F0C0304BC8AE} = {A2D166CB-6284-4534-AF60-B1941732116B}
		{24746743-C6D3-466D-84EB-9641A8554213} = {6DDAD04A-504C-4AC1-B4AF-F0C0304BC8AE}
		{DBFA76DB-411F-4445-B4E0-EB6C26919D8B} = {6DDAD04A-504C-4AC1-B4AF-F0C0304BC8AE}
		{A9B822A6-27C9-42DE-9CD9-1A058670DF50} = {D89380E5-987C-474B-B618-9E68FBDEC61F}
		{9375922F-D6A3-4ABD-9517-99ECE52CFD23} = {A9B822A6-27C9-42DE-9CD9-1A058670DF50}
		{01D4D7F9-7DC1-42E7-A0DE-AFAFEF0458C3} = {A9B822A6-27C9-42DE-9CD9-1A058670DF50}
		{E06A293A-F2A2-4D61-A4EB-8A059C4B1658} = {D89380E5-987C-474B-B618-9E68FBDEC61F}
		{01891F86-6212-4595-A8FF-877C9E7C167C} = {E06A293A-F2A2-4D61-A4EB-8A059C4B1658}
		{725AEF62-14C5-4D90-8169-F5E4054797E5} = {E06A293A-F2A2-4D61-A4EB-8A059C4B1658}
		{7AFBBE5F-0C12-435A-A8FC-EED57024FAC8} = {3139D6F3-5083-4154-A971-26C65DC37896}
		{69115D5C-A0E5-486D-BFEC-88A16F2A675D} = {7AFBBE5F-0C12-435A-A8FC-EED57024FAC8}
		{5C6BF8E6-64E9-4775-92DB-98265FCF66F7} = {3139D6F3-5083-4154-A971-26C65DC37896}
		{93B4EE84-BCEC-4D84-A652-C677B29E19EB} = {5C6BF8E6-64E9-4775-92DB-98265FCF66F7}
		{A6E76DDC-054D-4923-8A36-01E9A716C022} = {3139D6F3-5083-4154-A971-26C65DC37896}
		{7813A8AA-2591-41AC-B2EA-F966614EF5E8} = {A6E76DDC-054D-4923-8A36-01E9A716C022}
		{320CCC58-9294-4623-8A11-8AF787DD3ECC} = {3DF62C71-C244-4E50-90F6-646389E65F49}
		{7E2CC390-1C65-4102-A577-C9FEC35CEAA7} = {320CCC58-9294-4623-8A11-8AF787DD3ECC}
		{6C837D1E-3B61-444F-803F-159EA3186A39} = {320CCC58-9294-4623-8A11-8AF787DD3ECC}
		{9DBEFF3F-17C1-42DC-BE74-A0EBD243499A} = {3DF62C71-C244-4E50-90F6-646389E65F49}
		{35C3EBB2-AE66-4BF8-8238-A30A73611F4B} = {9DBEFF3F-17C1-42DC-BE74-A0EBD243499A}
	EndGlobalSection
	GlobalSection(ExtensibilityGlobals) = postSolution
		SolutionGuid = {D84E4BCC-7F3F-467F-B71C-1E55A2249326}
	EndGlobalSection
EndGlobal
