
Microsoft Visual Studio Solution File, Format Version 12.00
Project("{FAE04EC0-301F-11D3-BF4B-00C04F79EFBC}") = "Week02", "week02\Week02\Week02.csproj", "{C5E03C4D-4105-473D-B8AB-6D849D6D0478}"
EndProject
Project("{FAE04EC0-301F-11D3-BF4B-00C04F79EFBC}") = "Week02.Tests", "week02\Week02.Tests\Week02.Tests.csproj", "{81AF7F97-652A-4CDA-B313-BA0A726A631E}"
EndProject
Project("{2150E333-8FDC-42A3-9474-1A3956D46DE8}") = "Week 2 - One level of indentation", "Week 2 - One level of indentation", "{799BC5BF-6F84-4F30-A714-890251A76566}"
EndProject
Project("{FAE04EC0-301F-11D3-BF4B-00C04F79EFBC}") = "Week03", "week03\Week03\Week03.csproj", "{CB9FAD50-EDEC-481A-813D-CCA800031A90}"
EndProject
Project("{FAE04EC0-301F-11D3-BF4B-00C04F79EFBC}") = "Week03.Tests", "week03\Week03.Tests\Week03.Tests.csproj", "{E28D21CD-AFEE-4F75-BD9A-EDA9F41325EA}"
EndProject
Project("{2150E333-8FDC-42A3-9474-1A3956D46DE8}") = "Week 3 - A failure in the system", "Week 3 - A failure in the system", "{A2D166CB-6284-4534-AF60-B1941732116B}"
EndProject
Project("{2150E333-8FDC-42A3-9474-1A3956D46DE8}") = "Week 4 - A T.D.D Adventure", "Week 4 - A T.D.D Adventure", "{1B02F8C6-5E0F-4746-9B90-5EDDE7033080}"
EndProject
Project("{FAE04EC0-301F-11D3-BF4B-00C04F79EFBC}") = "Week04", "week04\Week04\Week04.csproj", "{EDC11B1D-D85E-4B90-8CA9-CCF08DFB6ED8}"
EndProject
Project("{FAE04EC0-301F-11D3-BF4B-00C04F79EFBC}") = "Week04.Tests", "week04\Week04.Tests\Week04.Tests.csproj", "{B9F450CB-495B-4409-AC78-A4AE54E3287F}"
EndProject
Project("{FAE04EC0-301F-11D3-BF4B-00C04F79EFBC}") = "Week05", "week05\Week05\Week05.csproj", "{DB5E88D4-7BA8-4BED-BFCD-69BDC6E02A6B}"
EndProject
Project("{FAE04EC0-301F-11D3-BF4B-00C04F79EFBC}") = "Week05.Tests", "week05\Week05.Tests\Week05.Tests.csproj", "{B469281E-F311-412C-BD2D-2B4E0E451F10}"
EndProject
Project("{2150E333-8FDC-42A3-9474-1A3956D46DE8}") = "Week 5 - Dot not use if statement", "Week 5 - Dot not use if statement", "{D89380E5-987C-474B-B618-9E68FBDEC61F}"
EndProject
Project("{FAE04EC0-301F-11D3-BF4B-00C04F79EFBC}") = "Week06", "week06\Week06\Week06.csproj", "{2EA4FBB6-AF0F-4360-A380-38651F1026BF}"
EndProject
Project("{FAE04EC0-301F-11D3-BF4B-00C04F79EFBC}") = "Week06.Tests", "week06\Week06.Tests\Week06.Tests.csproj", "{E3FE2829-62C7-4FF7-BC8F-07702C5C491E}"
EndProject
Project("{2150E333-8FDC-42A3-9474-1A3956D46DE8}") = "Week 6 - Put a code under tests", "Week 6 - Put a code under tests", "{3139D6F3-5083-4154-A971-26C65DC37896}"
EndProject
Project("{FAE04EC0-301F-11D3-BF4B-00C04F79EFBC}") = "Week07", "week07\Week07\Week07.csproj", "{89A4C62C-1712-4DDC-B7A5-619AB3014A1E}"
EndProject
Project("{FAE04EC0-301F-11D3-BF4B-00C04F79EFBC}") = "Week07.Tests", "week07\Week07.Tests\Week07.Tests.csproj", "{D7B05F1D-E3B2-455C-8342-5775A0CF8D32}"
EndProject
Project("{2150E333-8FDC-42A3-9474-1A3956D46DE8}") = "Week 7 - Design one test that has the impact of thousands", "Week 7 - Design one test that has the impact of thousands", "{3DF62C71-C244-4E50-90F6-646389E65F49}"
EndProject
Global
	GlobalSection(SolutionConfigurationPlatforms) = preSolution
		Debug|Any CPU = Debug|Any CPU
		Release|Any CPU = Release|Any CPU
	EndGlobalSection
	GlobalSection(ProjectConfigurationPlatforms) = postSolution
		{C5E03C4D-4105-473D-B8AB-6D849D6D0478}.Debug|Any CPU.ActiveCfg = Debug|Any CPU
		{C5E03C4D-4105-473D-B8AB-6D849D6D0478}.Debug|Any CPU.Build.0 = Debug|Any CPU
		{C5E03C4D-4105-473D-B8AB-6D849D6D0478}.Release|Any CPU.ActiveCfg = Release|Any CPU
		{C5E03C4D-4105-473D-B8AB-6D849D6D0478}.Release|Any CPU.Build.0 = Release|Any CPU
		{81AF7F97-652A-4CDA-B313-BA0A726A631E}.Debug|Any CPU.ActiveCfg = Debug|Any CPU
		{81AF7F97-652A-4CDA-B313-BA0A726A631E}.Debug|Any CPU.Build.0 = Debug|Any CPU
		{81AF7F97-652A-4CDA-B313-BA0A726A631E}.Release|Any CPU.ActiveCfg = Release|Any CPU
		{81AF7F97-652A-4CDA-B313-BA0A726A631E}.Release|Any CPU.Build.0 = Release|Any CPU
		{CB9FAD50-EDEC-481A-813D-CCA800031A90}.Debug|Any CPU.ActiveCfg = Debug|Any CPU
		{CB9FAD50-EDEC-481A-813D-CCA800031A90}.Debug|Any CPU.Build.0 = Debug|Any CPU
		{CB9FAD50-EDEC-481A-813D-CCA800031A90}.Release|Any CPU.ActiveCfg = Release|Any CPU
		{CB9FAD50-EDEC-481A-813D-CCA800031A90}.Release|Any CPU.Build.0 = Release|Any CPU
		{E28D21CD-AFEE-4F75-BD9A-EDA9F41325EA}.Debug|Any CPU.ActiveCfg = Debug|Any CPU
		{E28D21CD-AFEE-4F75-BD9A-EDA9F41325EA}.Debug|Any CPU.Build.0 = Debug|Any CPU
		{E28D21CD-AFEE-4F75-BD9A-EDA9F41325EA}.Release|Any CPU.ActiveCfg = Release|Any CPU
		{E28D21CD-AFEE-4F75-BD9A-EDA9F41325EA}.Release|Any CPU.Build.0 = Release|Any CPU
		{EDC11B1D-D85E-4B90-8CA9-CCF08DFB6ED8}.Debug|Any CPU.ActiveCfg = Debug|Any CPU
		{EDC11B1D-D85E-4B90-8CA9-CCF08DFB6ED8}.Debug|Any CPU.Build.0 = Debug|Any CPU
		{EDC11B1D-D85E-4B90-8CA9-CCF08DFB6ED8}.Release|Any CPU.ActiveCfg = Release|Any CPU
		{EDC11B1D-D85E-4B90-8CA9-CCF08DFB6ED8}.Release|Any CPU.Build.0 = Release|Any CPU
		{B9F450CB-495B-4409-AC78-A4AE54E3287F}.Debug|Any CPU.ActiveCfg = Debug|Any CPU
		{B9F450CB-495B-4409-AC78-A4AE54E3287F}.Debug|Any CPU.Build.0 = Debug|Any CPU
		{B9F450CB-495B-4409-AC78-A4AE54E3287F}.Release|Any CPU.ActiveCfg = Release|Any CPU
		{B9F450CB-495B-4409-AC78-A4AE54E3287F}.Release|Any CPU.Build.0 = Release|Any CPU
		{DB5E88D4-7BA8-4BED-BFCD-69BDC6E02A6B}.Debug|Any CPU.ActiveCfg = Debug|Any CPU
		{DB5E88D4-7BA8-4BED-BFCD-69BDC6E02A6B}.Debug|Any CPU.Build.0 = Debug|Any CPU
		{DB5E88D4-7BA8-4BED-BFCD-69BDC6E02A6B}.Release|Any CPU.ActiveCfg = Release|Any CPU
		{DB5E88D4-7BA8-4BED-BFCD-69BDC6E02A6B}.Release|Any CPU.Build.0 = Release|Any CPU
		{B469281E-F311-412C-BD2D-2B4E0E451F10}.Debug|Any CPU.ActiveCfg = Debug|Any CPU
		{B469281E-F311-412C-BD2D-2B4E0E451F10}.Debug|Any CPU.Build.0 = Debug|Any CPU
		{B469281E-F311-412C-BD2D-2B4E0E451F10}.Release|Any CPU.ActiveCfg = Release|Any CPU
		{B469281E-F311-412C-BD2D-2B4E0E451F10}.Release|Any CPU.Build.0 = Release|Any CPU
		{2EA4FBB6-AF0F-4360-A380-38651F1026BF}.Debug|Any CPU.ActiveCfg = Debug|Any CPU
		{2EA4FBB6-AF0F-4360-A380-38651F1026BF}.Debug|Any CPU.Build.0 = Debug|Any CPU
		{2EA4FBB6-AF0F-4360-A380-38651F1026BF}.Release|Any CPU.ActiveCfg = Release|Any CPU
		{2EA4FBB6-AF0F-4360-A380-38651F1026BF}.Release|Any CPU.Build.0 = Release|Any CPU
		{E3FE2829-62C7-4FF7-BC8F-07702C5C491E}.Debug|Any CPU.ActiveCfg = Debug|Any CPU
		{E3FE2829-62C7-4FF7-BC8F-07702C5C491E}.Debug|Any CPU.Build.0 = Debug|Any CPU
		{E3FE2829-62C7-4FF7-BC8F-07702C5C491E}.Release|Any CPU.ActiveCfg = Release|Any CPU
		{E3FE2829-62C7-4FF7-BC8F-07702C5C491E}.Release|Any CPU.Build.0 = Release|Any CPU
		{89A4C62C-1712-4DDC-B7A5-619AB3014A1E}.Debug|Any CPU.ActiveCfg = Debug|Any CPU
		{89A4C62C-1712-4DDC-B7A5-619AB3014A1E}.Debug|Any CPU.Build.0 = Debug|Any CPU
		{89A4C62C-1712-4DDC-B7A5-619AB3014A1E}.Release|Any CPU.ActiveCfg = Release|Any CPU
		{89A4C62C-1712-4DDC-B7A5-619AB3014A1E}.Release|Any CPU.Build.0 = Release|Any CPU
		{D7B05F1D-E3B2-455C-8342-5775A0CF8D32}.Debug|Any CPU.ActiveCfg = Debug|Any CPU
		{D7B05F1D-E3B2-455C-8342-5775A0CF8D32}.Debug|Any CPU.Build.0 = Debug|Any CPU
		{D7B05F1D-E3B2-455C-8342-5775A0CF8D32}.Release|Any CPU.ActiveCfg = Release|Any CPU
		{D7B05F1D-E3B2-455C-8342-5775A0CF8D32}.Release|Any CPU.Build.0 = Release|Any CPU
	EndGlobalSection
	GlobalSection(NestedProjects) = preSolution
		{C5E03C4D-4105-473D-B8AB-6D849D6D0478} = {799BC5BF-6F84-4F30-A714-890251A76566}
		{81AF7F97-652A-4CDA-B313-BA0A726A631E} = {799BC5BF-6F84-4F30-A714-890251A76566}
		{CB9FAD50-EDEC-481A-813D-CCA800031A90} = {A2D166CB-6284-4534-AF60-B1941732116B}
		{E28D21CD-AFEE-4F75-BD9A-EDA9F41325EA} = {A2D166CB-6284-4534-AF60-B1941732116B}
		{EDC11B1D-D85E-4B90-8CA9-CCF08DFB6ED8} = {1B02F8C6-5E0F-4746-9B90-5EDDE7033080}
		{B9F450CB-495B-4409-AC78-A4AE54E3287F} = {1B02F8C6-5E0F-4746-9B90-5EDDE7033080}
		{DB5E88D4-7BA8-4BED-BFCD-69BDC6E02A6B} = {D89380E5-987C-474B-B618-9E68FBDEC61F}
		{B469281E-F311-412C-BD2D-2B4E0E451F10} = {D89380E5-987C-474B-B618-9E68FBDEC61F}
		{2EA4FBB6-AF0F-4360-A380-38651F1026BF} = {3139D6F3-5083-4154-A971-26C65DC37896}
		{E3FE2829-62C7-4FF7-BC8F-07702C5C491E} = {3139D6F3-5083-4154-A971-26C65DC37896}
		{89A4C62C-1712-4DDC-B7A5-619AB3014A1E} = {3DF62C71-C244-4E50-90F6-646389E65F49}
		{D7B05F1D-E3B2-455C-8342-5775A0CF8D32} = {3DF62C71-C244-4E50-90F6-646389E65F49}
	EndGlobalSection
EndGlobal
