
Microsoft Visual Studio Solution File, Format Version 12.00
# Visual Studio Version 17
VisualStudioVersion = 17.10.35013.160
MinimumVisualStudioVersion = 10.0.40219.1
Project("{2150E333-8FDC-42A3-9474-1A3956D46DE8}") = "Week 2 - Object Calisthenics", "Week 2 - Object Calisthenics", "{799BC5BF-6F84-4F30-A714-890251A76566}"
EndProject
Project("{2150E333-8FDC-42A3-9474-1A3956D46DE8}") = "Week 3 - Command Query Separation", "Week 3 - Command Query Separation", "{A2D166CB-6284-4534-AF60-B1941732116B}"
EndProject
Project("{2150E333-8FDC-42A3-9474-1A3956D46DE8}") = "Week 4 - TDD", "Week 4 - TDD", "{1B02F8C6-5E0F-4746-9B90-5EDDE7033080}"
EndProject
Project("{2150E333-8FDC-42A3-9474-1A3956D46DE8}") = "Week 5 - Accidental Complexity", "Week 5 - Accidental Complexity", "{D89380E5-987C-474B-B618-9E68FBDEC61F}"
EndProject
Project("{2150E333-8FDC-42A3-9474-1A3956D46DE8}") = "Week 6 - Legacy Code", "Week 6 - Legacy Code", "{3139D6F3-5083-4154-A971-26C65DC37896}"
EndProject
Project("{2150E333-8FDC-42A3-9474-1A3956D46DE8}") = "Week 7 - Property Based Testing", "Week 7 - Property Based Testing", "{3DF62C71-C244-4E50-90F6-646389E65F49}"
EndProject
Project("{2150E333-8FDC-42A3-9474-1A3956D46DE8}") = "Week 1 - Code Analysis", "Week 1 - Code Analysis", "{6C263A90-FE43-4048-9298-B94D5A4C41F3}"
EndProject
Project("{9A19103F-16F7-4668-BE54-9A1E7A4F7556}") = "MovieStore", "week01-code-analysis\MovieStore\MovieStore.csproj", "{D6E14001-ECDB-4155-B5FE-3CB4A59A678C}"
EndProject
Project("{9A19103F-16F7-4668-BE54-9A1E7A4F7556}") = "MovieStore.Tests", "week01-code-analysis\MovieStore.Tests\MovieStore.Tests.csproj", "{B6644D3A-E2DF-4AF2-A3FF-EFF7CA383164}"
EndProject
Project("{9A19103F-16F7-4668-BE54-9A1E7A4F7556}") = "FizzBuzz", "week02-object-calisthenics\FizzBuzz\FizzBuzz.csproj", "{5BA9F925-77D4-426B-A3DC-50EA80304B7E}"
EndProject
Project("{9A19103F-16F7-4668-BE54-9A1E7A4F7556}") = "FizzBuzz.Tests", "week02-object-calisthenics\FizzBuzz.Tests\FizzBuzz.Tests.csproj", "{1E859AD7-C955-491F-9E94-D8A52E04AD83}"
EndProject
Project("{9A19103F-16F7-4668-BE54-9A1E7A4F7556}") = "BookStore", "week02-object-calisthenics\BookStore\BookStore.csproj", "{74E5DA7B-2D23-4426-84ED-7B5D2300ACA8}"
EndProject
Project("{9A19103F-16F7-4668-BE54-9A1E7A4F7556}") = "BookStore.Tests", "week02-object-calisthenics\BookStore.Tests\BookStore.Tests.csproj", "{E7E239CC-9A7E-4679-8F92-986A7E33C33B}"
EndProject
Project("{9A19103F-16F7-4668-BE54-9A1E7A4F7556}") = "Exercise1Client", "week03-cqs\Exercise1Client\Exercise1Client.csproj", "{2F54CC80-9A91-4117-9B85-0A14A58B2301}"
EndProject
Project("{9A19103F-16F7-4668-BE54-9A1E7A4F7556}") = "Exercise1Client.Tests", "week03-cqs\Exercise1Client.Tests\Exercise1Client.Tests.csproj", "{B2487FC9-55E2-431D-89A8-15560153435E}"
EndProject
Project("{9A19103F-16F7-4668-BE54-9A1E7A4F7556}") = "Exercise2Cache", "week03-cqs\Exercise2Cache\Exercise2Cache.csproj", "{24746743-C6D3-466D-84EB-9641A8554213}"
EndProject
Project("{9A19103F-16F7-4668-BE54-9A1E7A4F7556}") = "Exercise2Cache.Tests", "week03-cqs\Exercise2Cache.Tests\Exercise2Cache.Tests.csproj", "{DBFA76DB-411F-4445-B4E0-EB6C26919D8B}"
EndProject
Project("{9A19103F-16F7-4668-BE54-9A1E7A4F7556}") = "ExercisePasswordValidation", "week04-tdd\ExercisePasswordValidation\ExercisePasswordValidation.csproj", "{0BEC2B2E-13E3-4169-B2A0-BB9F3D5BABAA}"
EndProject
Project("{9A19103F-16F7-4668-BE54-9A1E7A4F7556}") = "ExercisePasswordValidation.Tests", "week04-tdd\ExercisePasswordValidation.Tests\ExercisePasswordValidation.Tests.csproj", "{8704FFD5-EF33-4695-9A1C-CA6A6D1ED2B3}"
EndProject
Project("{9A19103F-16F7-4668-BE54-9A1E7A4F7556}") = "Exercise1FizzBuzzComesBack", "week05-complexity\Exercise1FizzBuzzComesBack\Exercise1FizzBuzzComesBack.csproj", "{9375922F-D6A3-4ABD-9517-99ECE52CFD23}"
EndProject
Project("{9A19103F-16F7-4668-BE54-9A1E7A4F7556}") = "Exercise1FizzBuzzComesBack.Tests", "week05-complexity\Exercise1FizzBuzzComesBack.Tests\Exercise1FizzBuzzComesBack.Tests.csproj", "{01D4D7F9-7DC1-42E7-A0DE-AFAFEF0458C3}"
EndProject
Project("{9A19103F-16F7-4668-BE54-9A1E7A4F7556}") = "Exercise2CommandProcessor", "week05-complexity\Exercise2CommandProcessor\Exercise2CommandProcessor.csproj", "{01891F86-6212-4595-A8FF-877C9E7C167C}"
EndProject
Project("{9A19103F-16F7-4668-BE54-9A1E7A4F7556}") = "Exercise2CommandProcessor.Tests", "week05-complexity\Exercise2CommandProcessor.Tests\Exercise2CommandProcessor.Tests.csproj", "{725AEF62-14C5-4D90-8169-F5E4054797E5}"
EndProject
Project("{9A19103F-16F7-4668-BE54-9A1E7A4F7556}") = "Exercise1Documents", "week06-legacy-code\Exercise1Documents\Exercise1Documents.csproj", "{69115D5C-A0E5-486D-BFEC-88A16F2A675D}"
EndProject
Project("{9A19103F-16F7-4668-BE54-9A1E7A4F7556}") = "Exercise1Documents.Tests", "week06-legacy-code\Exercise1Documents.Tests\Exercise1Documents.Tests.csproj", "{26649BA8-3BE5-413F-B795-2E6A2D149117}"
EndProject
Project("{9A19103F-16F7-4668-BE54-9A1E7A4F7556}") = "Exercise2ReportGenerator", "week06-legacy-code\Exercise2ReportGenerator\Exercise2ReportGenerator.csproj", "{93B4EE84-BCEC-4D84-A652-C677B29E19EB}"
EndProject
Project("{9A19103F-16F7-4668-BE54-9A1E7A4F7556}") = "Exercise2ReportGenerator.Tests", "week06-legacy-code\Exercise2ReportGenerator.Tests\Exercise2ReportGenerator.Tests.csproj", "{A5F5B815-4C44-4B3E-9B5E-F422D8486FFC}"
EndProject
Project("{9A19103F-16F7-4668-BE54-9A1E7A4F7556}") = "Exercise3GameOrderProcessor", "week06-legacy-code\Exercise3GameOrderProcessor\Exercise3GameOrderProcessor.csproj", "{7813A8AA-2591-41AC-B2EA-F966614EF5E8}"
EndProject
Project("{9A19103F-16F7-4668-BE54-9A1E7A4F7556}") = "Exercise3GameOrderProcessor.Tests", "week06-legacy-code\Exercise3GameOrderProcessor.Tests\Exercise3GameOrderProcessor.Tests.csproj", "{76B6794D-2241-4330-A115-69B91CBA2602}"
EndProject
Project("{9A19103F-16F7-4668-BE54-9A1E7A4F7556}") = "Exercise1FizzBuzzComesBackAgain", "week07-pbt\Exercise1FizzBuzzComesBackAgain\Exercise1FizzBuzzComesBackAgain.csproj", "{7E2CC390-1C65-4102-A577-C9FEC35CEAA7}"
EndProject
Project("{9A19103F-16F7-4668-BE54-9A1E7A4F7556}") = "Exercise1FizzBuzzComesBackAgain.Tests", "week07-pbt\Exercise1FizzBuzzComesBackAgain.Tests\Exercise1FizzBuzzComesBackAgain.Tests.csproj", "{6C837D1E-3B61-444F-803F-159EA3186A39}"
EndProject
Project("{9A19103F-16F7-4668-BE54-9A1E7A4F7556}") = "Exercise2GameAllProperties", "week07-pbt\Exercise2GameAllProperties\Exercise2GameAllProperties.csproj", "{35C3EBB2-AE66-4BF8-8238-A30A73611F4B}"
EndProject
Project("{9A19103F-16F7-4668-BE54-9A1E7A4F7556}") = "Exercise2GameAllProperties.Tests", "week07-pbt\Exercise2GameAllProperties.Tests\Exercise2GameAllProperties.Tests.csproj", "{631C577E-36C3-4DF1-A7C5-6D9DCCD5C133}"
EndProject
Project("{2150E333-8FDC-42A3-9474-1A3956D46DE8}") = "Exercise 1 - FizzBuzz", "Exercise 1 - FizzBuzz", "{3A16BDEF-03F4-4C1A-B5DE-92DECC297082}"
EndProject
Project("{2150E333-8FDC-42A3-9474-1A3956D46DE8}") = "Exercise 2 - BookStore", "Exercise 2 - BookStore", "{2A4625D9-C937-4CB7-ADD6-C2CE5795D785}"
EndProject
Global
	GlobalSection(SolutionConfigurationPlatforms) = preSolution
		Debug|Any CPU = Debug|Any CPU
		Release|Any CPU = Release|Any CPU
	EndGlobalSection
	GlobalSection(ProjectConfigurationPlatforms) = postSolution
		{D6E14001-ECDB-4155-B5FE-3CB4A59A678C}.Debug|Any CPU.ActiveCfg = Debug|Any CPU
		{D6E14001-ECDB-4155-B5FE-3CB4A59A678C}.Debug|Any CPU.Build.0 = Debug|Any CPU
		{D6E14001-ECDB-4155-B5FE-3CB4A59A678C}.Release|Any CPU.ActiveCfg = Release|Any CPU
		{D6E14001-ECDB-4155-B5FE-3CB4A59A678C}.Release|Any CPU.Build.0 = Release|Any CPU
		{B6644D3A-E2DF-4AF2-A3FF-EFF7CA383164}.Debug|Any CPU.ActiveCfg = Debug|Any CPU
		{B6644D3A-E2DF-4AF2-A3FF-EFF7CA383164}.Debug|Any CPU.Build.0 = Debug|Any CPU
		{B6644D3A-E2DF-4AF2-A3FF-EFF7CA383164}.Release|Any CPU.ActiveCfg = Release|Any CPU
		{B6644D3A-E2DF-4AF2-A3FF-EFF7CA383164}.Release|Any CPU.Build.0 = Release|Any CPU
		{5BA9F925-77D4-426B-A3DC-50EA80304B7E}.Debug|Any CPU.ActiveCfg = Debug|Any CPU
		{5BA9F925-77D4-426B-A3DC-50EA80304B7E}.Debug|Any CPU.Build.0 = Debug|Any CPU
		{5BA9F925-77D4-426B-A3DC-50EA80304B7E}.Release|Any CPU.ActiveCfg = Release|Any CPU
		{5BA9F925-77D4-426B-A3DC-50EA80304B7E}.Release|Any CPU.Build.0 = Release|Any CPU
		{1E859AD7-C955-491F-9E94-D8A52E04AD83}.Debug|Any CPU.ActiveCfg = Debug|Any CPU
		{1E859AD7-C955-491F-9E94-D8A52E04AD83}.Debug|Any CPU.Build.0 = Debug|Any CPU
		{1E859AD7-C955-491F-9E94-D8A52E04AD83}.Release|Any CPU.ActiveCfg = Release|Any CPU
		{1E859AD7-C955-491F-9E94-D8A52E04AD83}.Release|Any CPU.Build.0 = Release|Any CPU
		{74E5DA7B-2D23-4426-84ED-7B5D2300ACA8}.Debug|Any CPU.ActiveCfg = Debug|Any CPU
		{74E5DA7B-2D23-4426-84ED-7B5D2300ACA8}.Debug|Any CPU.Build.0 = Debug|Any CPU
		{74E5DA7B-2D23-4426-84ED-7B5D2300ACA8}.Release|Any CPU.ActiveCfg = Release|Any CPU
		{74E5DA7B-2D23-4426-84ED-7B5D2300ACA8}.Release|Any CPU.Build.0 = Release|Any CPU
		{E7E239CC-9A7E-4679-8F92-986A7E33C33B}.Debug|Any CPU.ActiveCfg = Debug|Any CPU
		{E7E239CC-9A7E-4679-8F92-986A7E33C33B}.Debug|Any CPU.Build.0 = Debug|Any CPU
		{E7E239CC-9A7E-4679-8F92-986A7E33C33B}.Release|Any CPU.ActiveCfg = Release|Any CPU
		{E7E239CC-9A7E-4679-8F92-986A7E33C33B}.Release|Any CPU.Build.0 = Release|Any CPU
		{2F54CC80-9A91-4117-9B85-0A14A58B2301}.Debug|Any CPU.ActiveCfg = Debug|Any CPU
		{2F54CC80-9A91-4117-9B85-0A14A58B2301}.Debug|Any CPU.Build.0 = Debug|Any CPU
		{2F54CC80-9A91-4117-9B85-0A14A58B2301}.Release|Any CPU.ActiveCfg = Release|Any CPU
		{2F54CC80-9A91-4117-9B85-0A14A58B2301}.Release|Any CPU.Build.0 = Release|Any CPU
		{B2487FC9-55E2-431D-89A8-15560153435E}.Debug|Any CPU.ActiveCfg = Debug|Any CPU
		{B2487FC9-55E2-431D-89A8-15560153435E}.Debug|Any CPU.Build.0 = Debug|Any CPU
		{B2487FC9-55E2-431D-89A8-15560153435E}.Release|Any CPU.ActiveCfg = Release|Any CPU
		{B2487FC9-55E2-431D-89A8-15560153435E}.Release|Any CPU.Build.0 = Release|Any CPU
		{24746743-C6D3-466D-84EB-9641A8554213}.Debug|Any CPU.ActiveCfg = Debug|Any CPU
		{24746743-C6D3-466D-84EB-9641A8554213}.Debug|Any CPU.Build.0 = Debug|Any CPU
		{24746743-C6D3-466D-84EB-9641A8554213}.Release|Any CPU.ActiveCfg = Release|Any CPU
		{24746743-C6D3-466D-84EB-9641A8554213}.Release|Any CPU.Build.0 = Release|Any CPU
		{DBFA76DB-411F-4445-B4E0-EB6C26919D8B}.Debug|Any CPU.ActiveCfg = Debug|Any CPU
		{DBFA76DB-411F-4445-B4E0-EB6C26919D8B}.Debug|Any CPU.Build.0 = Debug|Any CPU
		{DBFA76DB-411F-4445-B4E0-EB6C26919D8B}.Release|Any CPU.ActiveCfg = Release|Any CPU
		{DBFA76DB-411F-4445-B4E0-EB6C26919D8B}.Release|Any CPU.Build.0 = Release|Any CPU
		{0BEC2B2E-13E3-4169-B2A0-BB9F3D5BABAA}.Debug|Any CPU.ActiveCfg = Debug|Any CPU
		{0BEC2B2E-13E3-4169-B2A0-BB9F3D5BABAA}.Debug|Any CPU.Build.0 = Debug|Any CPU
		{0BEC2B2E-13E3-4169-B2A0-BB9F3D5BABAA}.Release|Any CPU.ActiveCfg = Release|Any CPU
		{0BEC2B2E-13E3-4169-B2A0-BB9F3D5BABAA}.Release|Any CPU.Build.0 = Release|Any CPU
		{8704FFD5-EF33-4695-9A1C-CA6A6D1ED2B3}.Debug|Any CPU.ActiveCfg = Debug|Any CPU
		{8704FFD5-EF33-4695-9A1C-CA6A6D1ED2B3}.Debug|Any CPU.Build.0 = Debug|Any CPU
		{8704FFD5-EF33-4695-9A1C-CA6A6D1ED2B3}.Release|Any CPU.ActiveCfg = Release|Any CPU
		{8704FFD5-EF33-4695-9A1C-CA6A6D1ED2B3}.Release|Any CPU.Build.0 = Release|Any CPU
		{9375922F-D6A3-4ABD-9517-99ECE52CFD23}.Debug|Any CPU.ActiveCfg = Debug|Any CPU
		{9375922F-D6A3-4ABD-9517-99ECE52CFD23}.Debug|Any CPU.Build.0 = Debug|Any CPU
		{9375922F-D6A3-4ABD-9517-99ECE52CFD23}.Release|Any CPU.ActiveCfg = Release|Any CPU
		{9375922F-D6A3-4ABD-9517-99ECE52CFD23}.Release|Any CPU.Build.0 = Release|Any CPU
		{01D4D7F9-7DC1-42E7-A0DE-AFAFEF0458C3}.Debug|Any CPU.ActiveCfg = Debug|Any CPU
		{01D4D7F9-7DC1-42E7-A0DE-AFAFEF0458C3}.Debug|Any CPU.Build.0 = Debug|Any CPU
		{01D4D7F9-7DC1-42E7-A0DE-AFAFEF0458C3}.Release|Any CPU.ActiveCfg = Release|Any CPU
		{01D4D7F9-7DC1-42E7-A0DE-AFAFEF0458C3}.Release|Any CPU.Build.0 = Release|Any CPU
		{01891F86-6212-4595-A8FF-877C9E7C167C}.Debug|Any CPU.ActiveCfg = Debug|Any CPU
		{01891F86-6212-4595-A8FF-877C9E7C167C}.Debug|Any CPU.Build.0 = Debug|Any CPU
		{01891F86-6212-4595-A8FF-877C9E7C167C}.Release|Any CPU.ActiveCfg = Release|Any CPU
		{01891F86-6212-4595-A8FF-877C9E7C167C}.Release|Any CPU.Build.0 = Release|Any CPU
		{725AEF62-14C5-4D90-8169-F5E4054797E5}.Debug|Any CPU.ActiveCfg = Debug|Any CPU
		{725AEF62-14C5-4D90-8169-F5E4054797E5}.Debug|Any CPU.Build.0 = Debug|Any CPU
		{725AEF62-14C5-4D90-8169-F5E4054797E5}.Release|Any CPU.ActiveCfg = Release|Any CPU
		{725AEF62-14C5-4D90-8169-F5E4054797E5}.Release|Any CPU.Build.0 = Release|Any CPU
		{69115D5C-A0E5-486D-BFEC-88A16F2A675D}.Debug|Any CPU.ActiveCfg = Debug|Any CPU
		{69115D5C-A0E5-486D-BFEC-88A16F2A675D}.Debug|Any CPU.Build.0 = Debug|Any CPU
		{69115D5C-A0E5-486D-BFEC-88A16F2A675D}.Release|Any CPU.ActiveCfg = Release|Any CPU
		{69115D5C-A0E5-486D-BFEC-88A16F2A675D}.Release|Any CPU.Build.0 = Release|Any CPU
		{26649BA8-3BE5-413F-B795-2E6A2D149117}.Debug|Any CPU.ActiveCfg = Debug|Any CPU
		{26649BA8-3BE5-413F-B795-2E6A2D149117}.Debug|Any CPU.Build.0 = Debug|Any CPU
		{26649BA8-3BE5-413F-B795-2E6A2D149117}.Release|Any CPU.ActiveCfg = Release|Any CPU
		{26649BA8-3BE5-413F-B795-2E6A2D149117}.Release|Any CPU.Build.0 = Release|Any CPU
		{93B4EE84-BCEC-4D84-A652-C677B29E19EB}.Debug|Any CPU.ActiveCfg = Debug|Any CPU
		{93B4EE84-BCEC-4D84-A652-C677B29E19EB}.Debug|Any CPU.Build.0 = Debug|Any CPU
		{93B4EE84-BCEC-4D84-A652-C677B29E19EB}.Release|Any CPU.ActiveCfg = Release|Any CPU
		{93B4EE84-BCEC-4D84-A652-C677B29E19EB}.Release|Any CPU.Build.0 = Release|Any CPU
		{A5F5B815-4C44-4B3E-9B5E-F422D8486FFC}.Debug|Any CPU.ActiveCfg = Debug|Any CPU
		{A5F5B815-4C44-4B3E-9B5E-F422D8486FFC}.Debug|Any CPU.Build.0 = Debug|Any CPU
		{A5F5B815-4C44-4B3E-9B5E-F422D8486FFC}.Release|Any CPU.ActiveCfg = Release|Any CPU
		{A5F5B815-4C44-4B3E-9B5E-F422D8486FFC}.Release|Any CPU.Build.0 = Release|Any CPU
		{7813A8AA-2591-41AC-B2EA-F966614EF5E8}.Debug|Any CPU.ActiveCfg = Debug|Any CPU
		{7813A8AA-2591-41AC-B2EA-F966614EF5E8}.Debug|Any CPU.Build.0 = Debug|Any CPU
		{7813A8AA-2591-41AC-B2EA-F966614EF5E8}.Release|Any CPU.ActiveCfg = Release|Any CPU
		{7813A8AA-2591-41AC-B2EA-F966614EF5E8}.Release|Any CPU.Build.0 = Release|Any CPU
		{76B6794D-2241-4330-A115-69B91CBA2602}.Debug|Any CPU.ActiveCfg = Debug|Any CPU
		{76B6794D-2241-4330-A115-69B91CBA2602}.Debug|Any CPU.Build.0 = Debug|Any CPU
		{76B6794D-2241-4330-A115-69B91CBA2602}.Release|Any CPU.ActiveCfg = Release|Any CPU
		{76B6794D-2241-4330-A115-69B91CBA2602}.Release|Any CPU.Build.0 = Release|Any CPU
		{7E2CC390-1C65-4102-A577-C9FEC35CEAA7}.Debug|Any CPU.ActiveCfg = Debug|Any CPU
		{7E2CC390-1C65-4102-A577-C9FEC35CEAA7}.Debug|Any CPU.Build.0 = Debug|Any CPU
		{7E2CC390-1C65-4102-A577-C9FEC35CEAA7}.Release|Any CPU.ActiveCfg = Release|Any CPU
		{7E2CC390-1C65-4102-A577-C9FEC35CEAA7}.Release|Any CPU.Build.0 = Release|Any CPU
		{6C837D1E-3B61-444F-803F-159EA3186A39}.Debug|Any CPU.ActiveCfg = Debug|Any CPU
		{6C837D1E-3B61-444F-803F-159EA3186A39}.Debug|Any CPU.Build.0 = Debug|Any CPU
		{6C837D1E-3B61-444F-803F-159EA3186A39}.Release|Any CPU.ActiveCfg = Release|Any CPU
		{6C837D1E-3B61-444F-803F-159EA3186A39}.Release|Any CPU.Build.0 = Release|Any CPU
		{35C3EBB2-AE66-4BF8-8238-A30A73611F4B}.Debug|Any CPU.ActiveCfg = Debug|Any CPU
		{35C3EBB2-AE66-4BF8-8238-A30A73611F4B}.Debug|Any CPU.Build.0 = Debug|Any CPU
		{35C3EBB2-AE66-4BF8-8238-A30A73611F4B}.Release|Any CPU.ActiveCfg = Release|Any CPU
		{35C3EBB2-AE66-4BF8-8238-A30A73611F4B}.Release|Any CPU.Build.0 = Release|Any CPU
		{631C577E-36C3-4DF1-A7C5-6D9DCCD5C133}.Debug|Any CPU.ActiveCfg = Debug|Any CPU
		{631C577E-36C3-4DF1-A7C5-6D9DCCD5C133}.Debug|Any CPU.Build.0 = Debug|Any CPU
		{631C577E-36C3-4DF1-A7C5-6D9DCCD5C133}.Release|Any CPU.ActiveCfg = Release|Any CPU
		{631C577E-36C3-4DF1-A7C5-6D9DCCD5C133}.Release|Any CPU.Build.0 = Release|Any CPU
	EndGlobalSection
	GlobalSection(SolutionProperties) = preSolution
		HideSolutionNode = FALSE
	EndGlobalSection
	GlobalSection(NestedProjects) = preSolution
		{D6E14001-ECDB-4155-B5FE-3CB4A59A678C} = {6C263A90-FE43-4048-9298-B94D5A4C41F3}
		{B6644D3A-E2DF-4AF2-A3FF-EFF7CA383164} = {6C263A90-FE43-4048-9298-B94D5A4C41F3}
		{2F54CC80-9A91-4117-9B85-0A14A58B2301} = {A2D166CB-6284-4534-AF60-B1941732116B}
		{B2487FC9-55E2-431D-89A8-15560153435E} = {A2D166CB-6284-4534-AF60-B1941732116B}
		{24746743-C6D3-466D-84EB-9641A8554213} = {A2D166CB-6284-4534-AF60-B1941732116B}
		{DBFA76DB-411F-4445-B4E0-EB6C26919D8B} = {A2D166CB-6284-4534-AF60-B1941732116B}
		{0BEC2B2E-13E3-4169-B2A0-BB9F3D5BABAA} = {1B02F8C6-5E0F-4746-9B90-5EDDE7033080}
		{8704FFD5-EF33-4695-9A1C-CA6A6D1ED2B3} = {1B02F8C6-5E0F-4746-9B90-5EDDE7033080}
		{9375922F-D6A3-4ABD-9517-99ECE52CFD23} = {D89380E5-987C-474B-B618-9E68FBDEC61F}
		{01D4D7F9-7DC1-42E7-A0DE-AFAFEF0458C3} = {D89380E5-987C-474B-B618-9E68FBDEC61F}
		{01891F86-6212-4595-A8FF-877C9E7C167C} = {D89380E5-987C-474B-B618-9E68FBDEC61F}
		{725AEF62-14C5-4D90-8169-F5E4054797E5} = {D89380E5-987C-474B-B618-9E68FBDEC61F}
		{69115D5C-A0E5-486D-BFEC-88A16F2A675D} = {3139D6F3-5083-4154-A971-26C65DC37896}
		{26649BA8-3BE5-413F-B795-2E6A2D149117} = {3139D6F3-5083-4154-A971-26C65DC37896}
		{93B4EE84-BCEC-4D84-A652-C677B29E19EB} = {3139D6F3-5083-4154-A971-26C65DC37896}
		{A5F5B815-4C44-4B3E-9B5E-F422D8486FFC} = {3139D6F3-5083-4154-A971-26C65DC37896}
		{7813A8AA-2591-41AC-B2EA-F966614EF5E8} = {3139D6F3-5083-4154-A971-26C65DC37896}
		{76B6794D-2241-4330-A115-69B91CBA2602} = {3139D6F3-5083-4154-A971-26C65DC37896}
		{7E2CC390-1C65-4102-A577-C9FEC35CEAA7} = {3DF62C71-C244-4E50-90F6-646389E65F49}
		{6C837D1E-3B61-444F-803F-159EA3186A39} = {3DF62C71-C244-4E50-90F6-646389E65F49}
		{35C3EBB2-AE66-4BF8-8238-A30A73611F4B} = {3DF62C71-C244-4E50-90F6-646389E65F49}
		{631C577E-36C3-4DF1-A7C5-6D9DCCD5C133} = {3DF62C71-C244-4E50-90F6-646389E65F49}
		{3A16BDEF-03F4-4C1A-B5DE-92DECC297082} = {799BC5BF-6F84-4F30-A714-890251A76566}
		{5BA9F925-77D4-426B-A3DC-50EA80304B7E} = {3A16BDEF-03F4-4C1A-B5DE-92DECC297082}
		{1E859AD7-C955-491F-9E94-D8A52E04AD83} = {3A16BDEF-03F4-4C1A-B5DE-92DECC297082}
		{2A4625D9-C937-4CB7-ADD6-C2CE5795D785} = {799BC5BF-6F84-4F30-A714-890251A76566}
		{74E5DA7B-2D23-4426-84ED-7B5D2300ACA8} = {2A4625D9-C937-4CB7-ADD6-C2CE5795D785}
		{E7E239CC-9A7E-4679-8F92-986A7E33C33B} = {2A4625D9-C937-4CB7-ADD6-C2CE5795D785}
	EndGlobalSection
	GlobalSection(ExtensibilityGlobals) = postSolution
		SolutionGuid = {D84E4BCC-7F3F-467F-B71C-1E55A2249326}
	EndGlobalSection
EndGlobal
